// !$*UTF8*$!
{
	archiveVersion = 1;
	classes = {
	};
	objectVersion = 50;
	objects = {

/* Begin PBXBuildFile section */
		6F1B92EE20D75B1C0011BA2A /* AppDelegate.swift in Sources */ = {isa = PBXBuildFile; fileRef = 6F1B92ED20D75B1C0011BA2A /* AppDelegate.swift */; };
		6F1B92F020D75B1C0011BA2A /* ViewController.swift in Sources */ = {isa = PBXBuildFile; fileRef = 6F1B92EF20D75B1C0011BA2A /* ViewController.swift */; };
		6F1B92F320D75B1C0011BA2A /* Main.storyboard in Resources */ = {isa = PBXBuildFile; fileRef = 6F1B92F120D75B1C0011BA2A /* Main.storyboard */; };
		6F1B92F520D75B1E0011BA2A /* Assets.xcassets in Resources */ = {isa = PBXBuildFile; fileRef = 6F1B92F420D75B1E0011BA2A /* Assets.xcassets */; };
		6F1B92F820D75B1E0011BA2A /* LaunchScreen.storyboard in Resources */ = {isa = PBXBuildFile; fileRef = 6F1B92F620D75B1E0011BA2A /* LaunchScreen.storyboard */; };
		6F1B930220D75BC60011BA2A /* CloudKit.framework in Frameworks */ = {isa = PBXBuildFile; fileRef = 6F1B930120D75BC60011BA2A /* CloudKit.framework */; };
/* End PBXBuildFile section */

/* Begin PBXFileReference section */
		6F1B92EA20D75B1C0011BA2A /* CloudKitStudy.app */ = {isa = PBXFileReference; explicitFileType = wrapper.application; includeInIndex = 0; path = CloudKitStudy.app; sourceTree = BUILT_PRODUCTS_DIR; };
		6F1B92ED20D75B1C0011BA2A /* AppDelegate.swift */ = {isa = PBXFileReference; lastKnownFileType = sourcecode.swift; path = AppDelegate.swift; sourceTree = "<group>"; };
		6F1B92EF20D75B1C0011BA2A /* ViewController.swift */ = {isa = PBXFileReference; lastKnownFileType = sourcecode.swift; path = ViewController.swift; sourceTree = "<group>"; };
		6F1B92F220D75B1C0011BA2A /* Base */ = {isa = PBXFileReference; lastKnownFileType = file.storyboard; name = Base; path = Base.lproj/Main.storyboard; sourceTree = "<group>"; };
		6F1B92F420D75B1E0011BA2A /* Assets.xcassets */ = {isa = PBXFileReference; lastKnownFileType = folder.assetcatalog; path = Assets.xcassets; sourceTree = "<group>"; };
		6F1B92F720D75B1E0011BA2A /* Base */ = {isa = PBXFileReference; lastKnownFileType = file.storyboard; name = Base; path = Base.lproj/LaunchScreen.storyboard; sourceTree = "<group>"; };
		6F1B92F920D75B1E0011BA2A /* Info.plist */ = {isa = PBXFileReference; lastKnownFileType = text.plist.xml; path = Info.plist; sourceTree = "<group>"; };
		6F1B92FF20D75B260011BA2A /* CloudKitStudy.entitlements */ = {isa = PBXFileReference; lastKnownFileType = text.plist.entitlements; path = CloudKitStudy.entitlements; sourceTree = "<group>"; };
		6F1B930120D75BC60011BA2A /* CloudKit.framework */ = {isa = PBXFileReference; lastKnownFileType = wrapper.framework; name = CloudKit.framework; path = System/Library/Frameworks/CloudKit.framework; sourceTree = SDKROOT; };
/* End PBXFileReference section */

/* Begin PBXFrameworksBuildPhase section */
		6F1B92E720D75B1C0011BA2A /* Frameworks */ = {
			isa = PBXFrameworksBuildPhase;
			buildActionMask = 2147483647;
			files = (
				6F1B930220D75BC60011BA2A /* CloudKit.framework in Frameworks */,
			);
			runOnlyForDeploymentPostprocessing = 0;
		};
/* End PBXFrameworksBuildPhase section */

/* Begin PBXGroup section */
		6F1B92E120D75B1B0011BA2A = {
			isa = PBXGroup;
			children = (
				6F1B92EC20D75B1C0011BA2A /* CloudKitStudy */,
				6F1B92EB20D75B1C0011BA2A /* Products */,
				6F1B930020D75BC60011BA2A /* Frameworks */,
			);
			sourceTree = "<group>";
		};
		6F1B92EB20D75B1C0011BA2A /* Products */ = {
			isa = PBXGroup;
			children = (
				6F1B92EA20D75B1C0011BA2A /* CloudKitStudy.app */,
			);
			name = Products;
			sourceTree = "<group>";
		};
		6F1B92EC20D75B1C0011BA2A /* CloudKitStudy */ = {
			isa = PBXGroup;
			children = (
				6F1B92FF20D75B260011BA2A /* CloudKitStudy.entitlements */,
				6F1B92ED20D75B1C0011BA2A /* AppDelegate.swift */,
				6F1B92EF20D75B1C0011BA2A /* ViewController.swift */,
				6F1B92F120D75B1C0011BA2A /* Main.storyboard */,
				6F1B92F420D75B1E0011BA2A /* Assets.xcassets */,
				6F1B92F620D75B1E0011BA2A /* LaunchScreen.storyboard */,
				6F1B92F920D75B1E0011BA2A /* Info.plist */,
			);
			path = CloudKitStudy;
			sourceTree = "<group>";
		};
		6F1B930020D75BC60011BA2A /* Frameworks */ = {
			isa = PBXGroup;
			children = (
				6F1B930120D75BC60011BA2A /* CloudKit.framework */,
			);
			name = Frameworks;
			sourceTree = "<group>";
		};
/* End PBXGroup section */

/* Begin PBXNativeTarget section */
		6F1B92E920D75B1C0011BA2A /* CloudKitStudy */ = {
			isa = PBXNativeTarget;
			buildConfigurationList = 6F1B92FC20D75B1E0011BA2A /* Build configuration list for PBXNativeTarget "CloudKitStudy" */;
			buildPhases = (
				6F1B92E620D75B1C0011BA2A /* Sources */,
				6F1B92E720D75B1C0011BA2A /* Frameworks */,
				6F1B92E820D75B1C0011BA2A /* Resources */,
			);
			buildRules = (
			);
			dependencies = (
			);
			name = CloudKitStudy;
			productName = CloudKitStudy;
			productReference = 6F1B92EA20D75B1C0011BA2A /* CloudKitStudy.app */;
			productType = "com.apple.product-type.application";
		};
/* End PBXNativeTarget section */

/* Begin PBXProject section */
		6F1B92E220D75B1B0011BA2A /* Project object */ = {
			isa = PBXProject;
			attributes = {
				LastSwiftUpdateCheck = 0940;
				LastUpgradeCheck = 0940;
				ORGANIZATIONNAME = sungeun;
				TargetAttributes = {
					6F1B92E920D75B1C0011BA2A = {
						CreatedOnToolsVersion = 9.4.1;
						SystemCapabilities = {
							com.apple.Push = {
								enabled = 1;
							};
							com.apple.iCloud = {
								enabled = 1;
							};
						};
					};
				};
			};
			buildConfigurationList = 6F1B92E520D75B1B0011BA2A /* Build configuration list for PBXProject "CloudKitStudy" */;
			compatibilityVersion = "Xcode 9.3";
			developmentRegion = en;
			hasScannedForEncodings = 0;
			knownRegions = (
				en,
				Base,
			);
			mainGroup = 6F1B92E120D75B1B0011BA2A;
			productRefGroup = 6F1B92EB20D75B1C0011BA2A /* Products */;
			projectDirPath = "";
			projectRoot = "";
			targets = (
				6F1B92E920D75B1C0011BA2A /* CloudKitStudy */,
			);
		};
/* End PBXProject section */

/* Begin PBXResourcesBuildPhase section */
		6F1B92E820D75B1C0011BA2A /* Resources */ = {
			isa = PBXResourcesBuildPhase;
			buildActionMask = 2147483647;
			files = (
				6F1B92F820D75B1E0011BA2A /* LaunchScreen.storyboard in Resources */,
				6F1B92F520D75B1E0011BA2A /* Assets.xcassets in Resources */,
				6F1B92F320D75B1C0011BA2A /* Main.storyboard in Resources */,
			);
			runOnlyForDeploymentPostprocessing = 0;
		};
/* End PBXResourcesBuildPhase section */

/* Begin PBXSourcesBuildPhase section */
		6F1B92E620D75B1C0011BA2A /* Sources */ = {
			isa = PBXSourcesBuildPhase;
			buildActionMask = 2147483647;
			files = (
				6F1B92F020D75B1C0011BA2A /* ViewController.swift in Sources */,
				6F1B92EE20D75B1C0011BA2A /* AppDelegate.swift in Sources */,
			);
			runOnlyForDeploymentPostprocessing = 0;
		};
/* End PBXSourcesBuildPhase section */

/* Begin PBXVariantGroup section */
		6F1B92F120D75B1C0011BA2A /* Main.storyboard */ = {
			isa = PBXVariantGroup;
			children = (
				6F1B92F220D75B1C0011BA2A /* Base */,
			);
			name = Main.storyboard;
			sourceTree = "<group>";
		};
		6F1B92F620D75B1E0011BA2A /* LaunchScreen.storyboard */ = {
			isa = PBXVariantGroup;
			children = (
				6F1B92F720D75B1E0011BA2A /* Base */,
			);
			name = LaunchScreen.storyboard;
			sourceTree = "<group>";
		};
/* End PBXVariantGroup section */

/* Begin XCBuildConfiguration section */
		6F1B92FA20D75B1E0011BA2A /* Debug */ = {
			isa = XCBuildConfiguration;
			buildSettings = {
				ALWAYS_SEARCH_USER_PATHS = NO;
				CLANG_ANALYZER_NONNULL = YES;
				CLANG_ANALYZER_NUMBER_OBJECT_CONVERSION = YES_AGGRESSIVE;
				CLANG_CXX_LANGUAGE_STANDARD = "gnu++14";
				CLANG_CXX_LIBRARY = "libc++";
				CLANG_ENABLE_MODULES = YES;
				CLANG_ENABLE_OBJC_ARC = YES;
				CLANG_ENABLE_OBJC_WEAK = YES;
				CLANG_WARN_BLOCK_CAPTURE_AUTORELEASING = YES;
				CLANG_WARN_BOOL_CONVERSION = YES;
				CLANG_WARN_COMMA = YES;
				CLANG_WARN_CONSTANT_CONVERSION = YES;
				CLANG_WARN_DEPRECATED_OBJC_IMPLEMENTATIONS = YES;
				CLANG_WARN_DIRECT_OBJC_ISA_USAGE = YES_ERROR;
				CLANG_WARN_DOCUMENTATION_COMMENTS = YES;
				CLANG_WARN_EMPTY_BODY = YES;
				CLANG_WARN_ENUM_CONVERSION = YES;
				CLANG_WARN_INFINITE_RECURSION = YES;
				CLANG_WARN_INT_CONVERSION = YES;
				CLANG_WARN_NON_LITERAL_NULL_CONVERSION = YES;
				CLANG_WARN_OBJC_IMPLICIT_RETAIN_SELF = YES;
				CLANG_WARN_OBJC_LITERAL_CONVERSION = YES;
				CLANG_WARN_OBJC_ROOT_CLASS = YES_ERROR;
				CLANG_WARN_RANGE_LOOP_ANALYSIS = YES;
				CLANG_WARN_STRICT_PROTOTYPES = YES;
				CLANG_WARN_SUSPICIOUS_MOVE = YES;
				CLANG_WARN_UNGUARDED_AVAILABILITY = YES_AGGRESSIVE;
				CLANG_WARN_UNREACHABLE_CODE = YES;
				CLANG_WARN__DUPLICATE_METHOD_MATCH = YES;
				CODE_SIGN_IDENTITY = "iPhone Developer";
				COPY_PHASE_STRIP = NO;
				DEBUG_INFORMATION_FORMAT = dwarf;
				ENABLE_STRICT_OBJC_MSGSEND = YES;
				ENABLE_TESTABILITY = YES;
				GCC_C_LANGUAGE_STANDARD = gnu11;
				GCC_DYNAMIC_NO_PIC = NO;
				GCC_NO_COMMON_BLOCKS = YES;
				GCC_OPTIMIZATION_LEVEL = 0;
				GCC_PREPROCESSOR_DEFINITIONS = (
					"DEBUG=1",
					"$(inherited)",
				);
				GCC_WARN_64_TO_32_BIT_CONVERSION = YES;
				GCC_WARN_ABOUT_RETURN_TYPE = YES_ERROR;
				GCC_WARN_UNDECLARED_SELECTOR = YES;
				GCC_WARN_UNINITIALIZED_AUTOS = YES_AGGRESSIVE;
				GCC_WARN_UNUSED_FUNCTION = YES;
				GCC_WARN_UNUSED_VARIABLE = YES;
				IPHONEOS_DEPLOYMENT_TARGET = 11.4;
				MTL_ENABLE_DEBUG_INFO = YES;
				ONLY_ACTIVE_ARCH = YES;
				SDKROOT = iphoneos;
				SWIFT_ACTIVE_COMPILATION_CONDITIONS = DEBUG;
				SWIFT_OPTIMIZATION_LEVEL = "-Onone";
			};
			name = Debug;
		};
		6F1B92FB20D75B1E0011BA2A /* Release */ = {
			isa = XCBuildConfiguration;
			buildSettings = {
				ALWAYS_SEARCH_USER_PATHS = NO;
				CLANG_ANALYZER_NONNULL = YES;
				CLANG_ANALYZER_NUMBER_OBJECT_CONVERSION = YES_AGGRESSIVE;
				CLANG_CXX_LANGUAGE_STANDARD = "gnu++14";
				CLANG_CXX_LIBRARY = "libc++";
				CLANG_ENABLE_MODULES = YES;
				CLANG_ENABLE_OBJC_ARC = YES;
				CLANG_ENABLE_OBJC_WEAK = YES;
				CLANG_WARN_BLOCK_CAPTURE_AUTORELEASING = YES;
				CLANG_WARN_BOOL_CONVERSION = YES;
				CLANG_WARN_COMMA = YES;
				CLANG_WARN_CONSTANT_CONVERSION = YES;
				CLANG_WARN_DEPRECATED_OBJC_IMPLEMENTATIONS = YES;
				CLANG_WARN_DIRECT_OBJC_ISA_USAGE = YES_ERROR;
				CLANG_WARN_DOCUMENTATION_COMMENTS = YES;
				CLANG_WARN_EMPTY_BODY = YES;
				CLANG_WARN_ENUM_CONVERSION = YES;
				CLANG_WARN_INFINITE_RECURSION = YES;
				CLANG_WARN_INT_CONVERSION = YES;
				CLANG_WARN_NON_LITERAL_NULL_CONVERSION = YES;
				CLANG_WARN_OBJC_IMPLICIT_RETAIN_SELF = YES;
				CLANG_WARN_OBJC_LITERAL_CONVERSION = YES;
				CLANG_WARN_OBJC_ROOT_CLASS = YES_ERROR;
				CLANG_WARN_RANGE_LOOP_ANALYSIS = YES;
				CLANG_WARN_STRICT_PROTOTYPES = YES;
				CLANG_WARN_SUSPICIOUS_MOVE = YES;
				CLANG_WARN_UNGUARDED_AVAILABILITY = YES_AGGRESSIVE;
				CLANG_WARN_UNREACHABLE_CODE = YES;
				CLANG_WARN__DUPLICATE_METHOD_MATCH = YES;
				CODE_SIGN_IDENTITY = "iPhone Developer";
				COPY_PHASE_STRIP = NO;
				DEBUG_INFORMATION_FORMAT = "dwarf-with-dsym";
				ENABLE_NS_ASSERTIONS = NO;
				ENABLE_STRICT_OBJC_MSGSEND = YES;
				GCC_C_LANGUAGE_STANDARD = gnu11;
				GCC_NO_COMMON_BLOCKS = YES;
				GCC_WARN_64_TO_32_BIT_CONVERSION = YES;
				GCC_WARN_ABOUT_RETURN_TYPE = YES_ERROR;
				GCC_WARN_UNDECLARED_SELECTOR = YES;
				GCC_WARN_UNINITIALIZED_AUTOS = YES_AGGRESSIVE;
				GCC_WARN_UNUSED_FUNCTION = YES;
				GCC_WARN_UNUSED_VARIABLE = YES;
				IPHONEOS_DEPLOYMENT_TARGET = 11.4;
				MTL_ENABLE_DEBUG_INFO = NO;
				SDKROOT = iphoneos;
				SWIFT_COMPILATION_MODE = wholemodule;
				SWIFT_OPTIMIZATION_LEVEL = "-O";
				VALIDATE_PRODUCT = YES;
			};
			name = Release;
		};
		6F1B92FD20D75B1E0011BA2A /* Debug */ = {
			isa = XCBuildConfiguration;
			buildSettings = {
				ASSETCATALOG_COMPILER_APPICON_NAME = AppIcon;
				CODE_SIGN_ENTITLEMENTS = CloudKitStudy/CloudKitStudy.entitlements;
				CODE_SIGN_STYLE = Automatic;
				DEVELOPMENT_TEAM = WXH5CKM9TX;
				INFOPLIST_FILE = CloudKitStudy/Info.plist;
				LD_RUNPATH_SEARCH_PATHS = (
					"$(inherited)",
					"@executable_path/Frameworks",
				);
				PRODUCT_BUNDLE_IDENTIFIER = com.sungeun.CloudKitStudy;
				PRODUCT_NAME = "$(TARGET_NAME)";
				SWIFT_VERSION = 4.0;
				TARGETED_DEVICE_FAMILY = "1,2";
			};
			name = Debug;
		};
		6F1B92FE20D75B1E0011BA2A /* Release */ = {
			isa = XCBuildConfiguration;
			buildSettings = {
				ASSETCATALOG_COMPILER_APPICON_NAME = AppIcon;
				CODE_SIGN_ENTITLEMENTS = CloudKitStudy/CloudKitStudy.entitlements;
				CODE_SIGN_STYLE = Automatic;
				DEVELOPMENT_TEAM = WXH5CKM9TX;
				INFOPLIST_FILE = CloudKitStudy/Info.plist;
				LD_RUNPATH_SEARCH_PATHS = (
					"$(inherited)",
					"@executable_path/Frameworks",
				);
				PRODUCT_BUNDLE_IDENTIFIER = com.sungeun.CloudKitStudy;
				PRODUCT_NAME = "$(TARGET_NAME)";
				SWIFT_VERSION = 4.0;
				TARGETED_DEVICE_FAMILY = "1,2";
			};
			name = Release;
		};
/* End XCBuildConfiguration section */

/* Begin XCConfigurationList section */
		6F1B92E520D75B1B0011BA2A /* Build configuration list for PBXProject "CloudKitStudy" */ = {
			isa = XCConfigurationList;
			buildConfigurations = (
				6F1B92FA20D75B1E0011BA2A /* Debug */,
				6F1B92FB20D75B1E0011BA2A /* Release */,
			);
			defaultConfigurationIsVisible = 0;
			defaultConfigurationName = Release;
		};
		6F1B92FC20D75B1E0011BA2A /* Build configuration list for PBXNativeTarget "CloudKitStudy" */ = {
			isa = XCConfigurationList;
			buildConfigurations = (
				6F1B92FD20D75B1E0011BA2A /* Debug */,
				6F1B92FE20D75B1E0011BA2A /* Release */,
			);
			defaultConfigurationIsVisible = 0;
			defaultConfigurationName = Release;
		};
/* End XCConfigurationList section */
	};
	rootObject = 6F1B92E220D75B1B0011BA2A /* Project object */;
}
