// !$*UTF8*$!
{
	archiveVersion = 1;
	classes = {
	};
	objectVersion = 48;
	objects = {

/* Begin PBXBuildFile section */
		FFD97CA520466C2800B03C04 /* AppDelegate.swift in Sources */ = {isa = PBXBuildFile; fileRef = FFD97CA420466C2800B03C04 /* AppDelegate.swift */; };
		FFD97CA720466C2800B03C04 /* ViewController.swift in Sources */ = {isa = PBXBuildFile; fileRef = FFD97CA620466C2800B03C04 /* ViewController.swift */; };
		FFD97CAA20466C2800B03C04 /* Main.storyboard in Resources */ = {isa = PBXBuildFile; fileRef = FFD97CA820466C2800B03C04 /* Main.storyboard */; };
		FFD97CAC20466C2800B03C04 /* Assets.xcassets in Resources */ = {isa = PBXBuildFile; fileRef = FFD97CAB20466C2800B03C04 /* Assets.xcassets */; };
		FFD97CAF20466C2800B03C04 /* LaunchScreen.storyboard in Resources */ = {isa = PBXBuildFile; fileRef = FFD97CAD20466C2800B03C04 /* LaunchScreen.storyboard */; };
		FFD97CB920466D3C00B03C04 /* UserData Practice in Resources */ = {isa = PBXBuildFile; fileRef = FFD97CB820466D3B00B03C04 /* UserData Practice */; };
		FFD97CBB20466E2E00B03C04 /* AlbumModel.swift in Sources */ = {isa = PBXBuildFile; fileRef = FFD97CBA20466E2E00B03C04 /* AlbumModel.swift */; };
		FFD97CBD20466E3100B03C04 /* SongTableViewCell.swift in Sources */ = {isa = PBXBuildFile; fileRef = FFD97CBC20466E3100B03C04 /* SongTableViewCell.swift */; };
		FFD97CBF20466E3300B03C04 /* SongViewController.swift in Sources */ = {isa = PBXBuildFile; fileRef = FFD97CBE20466E3300B03C04 /* SongViewController.swift */; };
		FFD97CC120466E3600B03C04 /* songData.swift in Sources */ = {isa = PBXBuildFile; fileRef = FFD97CC020466E3500B03C04 /* songData.swift */; };
		FFD97CD12047462700B03C04 /* Albums.plist in Resources */ = {isa = PBXBuildFile; fileRef = FFD97CD02047462700B03C04 /* Albums.plist */; };
		FFD97CD32047484000B03C04 /* Albums.swift in Sources */ = {isa = PBXBuildFile; fileRef = FFD97CD22047484000B03C04 /* Albums.swift */; };
/* End PBXBuildFile section */

/* Begin PBXFileReference section */
		FFD97CA120466C2800B03C04 /* SongData.app */ = {isa = PBXFileReference; explicitFileType = wrapper.application; includeInIndex = 0; path = SongData.app; sourceTree = BUILT_PRODUCTS_DIR; };
		FFD97CA420466C2800B03C04 /* AppDelegate.swift */ = {isa = PBXFileReference; lastKnownFileType = sourcecode.swift; path = AppDelegate.swift; sourceTree = "<group>"; };
		FFD97CA620466C2800B03C04 /* ViewController.swift */ = {isa = PBXFileReference; lastKnownFileType = sourcecode.swift; path = ViewController.swift; sourceTree = "<group>"; };
		FFD97CA920466C2800B03C04 /* Base */ = {isa = PBXFileReference; lastKnownFileType = file.storyboard; name = Base; path = Base.lproj/Main.storyboard; sourceTree = "<group>"; };
		FFD97CAB20466C2800B03C04 /* Assets.xcassets */ = {isa = PBXFileReference; lastKnownFileType = folder.assetcatalog; path = Assets.xcassets; sourceTree = "<group>"; };
		FFD97CAE20466C2800B03C04 /* Base */ = {isa = PBXFileReference; lastKnownFileType = file.storyboard; name = Base; path = Base.lproj/LaunchScreen.storyboard; sourceTree = "<group>"; };
		FFD97CB020466C2800B03C04 /* Info.plist */ = {isa = PBXFileReference; lastKnownFileType = text.plist.xml; path = Info.plist; sourceTree = "<group>"; };
		FFD97CB820466D3B00B03C04 /* UserData Practice */ = {isa = PBXFileReference; lastKnownFileType = folder; path = "UserData Practice"; sourceTree = "<group>"; };
		FFD97CBA20466E2E00B03C04 /* AlbumModel.swift */ = {isa = PBXFileReference; lastKnownFileType = sourcecode.swift; path = AlbumModel.swift; sourceTree = "<group>"; };
		FFD97CBC20466E3100B03C04 /* SongTableViewCell.swift */ = {isa = PBXFileReference; lastKnownFileType = sourcecode.swift; path = SongTableViewCell.swift; sourceTree = "<group>"; };
		FFD97CBE20466E3300B03C04 /* SongViewController.swift */ = {isa = PBXFileReference; lastKnownFileType = sourcecode.swift; path = SongViewController.swift; sourceTree = "<group>"; };
		FFD97CC020466E3500B03C04 /* songData.swift */ = {isa = PBXFileReference; lastKnownFileType = sourcecode.swift; path = songData.swift; sourceTree = "<group>"; };
		FFD97CD02047462700B03C04 /* Albums.plist */ = {isa = PBXFileReference; lastKnownFileType = text.plist.xml; path = Albums.plist; sourceTree = "<group>"; };
		FFD97CD22047484000B03C04 /* Albums.swift */ = {isa = PBXFileReference; lastKnownFileType = sourcecode.swift; path = Albums.swift; sourceTree = "<group>"; };
/* End PBXFileReference section */

/* Begin PBXFrameworksBuildPhase section */
		FFD97C9E20466C2800B03C04 /* Frameworks */ = {
			isa = PBXFrameworksBuildPhase;
			buildActionMask = 2147483647;
			files = (
			);
			runOnlyForDeploymentPostprocessing = 0;
		};
/* End PBXFrameworksBuildPhase section */

/* Begin PBXGroup section */
		FFD97C9820466C2800B03C04 = {
			isa = PBXGroup;
			children = (
				FFD97CA320466C2800B03C04 /* SongData */,
				FFD97CA220466C2800B03C04 /* Products */,
			);
			sourceTree = "<group>";
		};
		FFD97CA220466C2800B03C04 /* Products */ = {
			isa = PBXGroup;
			children = (
				FFD97CA120466C2800B03C04 /* SongData.app */,
			);
			name = Products;
			sourceTree = "<group>";
		};
		FFD97CA320466C2800B03C04 /* SongData */ = {
			isa = PBXGroup;
			children = (
				FFD97CA420466C2800B03C04 /* AppDelegate.swift */,
				FFD97CA620466C2800B03C04 /* ViewController.swift */,
				FFD97CA820466C2800B03C04 /* Main.storyboard */,
				FFD97CD420474B4700B03C04 /* with teacher */,
				FFD97CD22047484000B03C04 /* Albums.swift */,
				FFD97CAB20466C2800B03C04 /* Assets.xcassets */,
				FFD97CAD20466C2800B03C04 /* LaunchScreen.storyboard */,
				FFD97CB020466C2800B03C04 /* Info.plist */,
				FFD97CD02047462700B03C04 /* Albums.plist */,
				FFD97CB820466D3B00B03C04 /* UserData Practice */,
			);
			path = SongData;
			sourceTree = "<group>";
		};
		FFD97CD420474B4700B03C04 /* with teacher */ = {
			isa = PBXGroup;
			children = (
				FFD97CBA20466E2E00B03C04 /* AlbumModel.swift */,
				FFD97CC020466E3500B03C04 /* songData.swift */,
				FFD97CBC20466E3100B03C04 /* SongTableViewCell.swift */,
				FFD97CBE20466E3300B03C04 /* SongViewController.swift */,
			);
			path = "with teacher";
			sourceTree = "<group>";
		};
/* End PBXGroup section */

/* Begin PBXNativeTarget section */
		FFD97CA020466C2800B03C04 /* SongData */ = {
			isa = PBXNativeTarget;
			buildConfigurationList = FFD97CB320466C2800B03C04 /* Build configuration list for PBXNativeTarget "SongData" */;
			buildPhases = (
				FFD97C9D20466C2800B03C04 /* Sources */,
				FFD97C9E20466C2800B03C04 /* Frameworks */,
				FFD97C9F20466C2800B03C04 /* Resources */,
			);
			buildRules = (
			);
			dependencies = (
			);
			name = SongData;
			productName = SongData;
			productReference = FFD97CA120466C2800B03C04 /* SongData.app */;
			productType = "com.apple.product-type.application";
		};
/* End PBXNativeTarget section */

/* Begin PBXProject section */
		FFD97C9920466C2800B03C04 /* Project object */ = {
			isa = PBXProject;
			attributes = {
				LastSwiftUpdateCheck = 0920;
				LastUpgradeCheck = 0920;
				ORGANIZATIONNAME = SE;
				TargetAttributes = {
					FFD97CA020466C2800B03C04 = {
						CreatedOnToolsVersion = 9.2;
						ProvisioningStyle = Automatic;
					};
				};
			};
			buildConfigurationList = FFD97C9C20466C2800B03C04 /* Build configuration list for PBXProject "SongData" */;
			compatibilityVersion = "Xcode 8.0";
			developmentRegion = en;
			hasScannedForEncodings = 0;
			knownRegions = (
				en,
				Base,
			);
			mainGroup = FFD97C9820466C2800B03C04;
			productRefGroup = FFD97CA220466C2800B03C04 /* Products */;
			projectDirPath = "";
			projectRoot = "";
			targets = (
				FFD97CA020466C2800B03C04 /* SongData */,
			);
		};
/* End PBXProject section */

/* Begin PBXResourcesBuildPhase section */
		FFD97C9F20466C2800B03C04 /* Resources */ = {
			isa = PBXResourcesBuildPhase;
			buildActionMask = 2147483647;
			files = (
				FFD97CAF20466C2800B03C04 /* LaunchScreen.storyboard in Resources */,
				FFD97CD12047462700B03C04 /* Albums.plist in Resources */,
				FFD97CAC20466C2800B03C04 /* Assets.xcassets in Resources */,
				FFD97CAA20466C2800B03C04 /* Main.storyboard in Resources */,
				FFD97CB920466D3C00B03C04 /* UserData Practice in Resources */,
			);
			runOnlyForDeploymentPostprocessing = 0;
		};
/* End PBXResourcesBuildPhase section */

/* Begin PBXSourcesBuildPhase section */
		FFD97C9D20466C2800B03C04 /* Sources */ = {
			isa = PBXSourcesBuildPhase;
			buildActionMask = 2147483647;
			files = (
				FFD97CBD20466E3100B03C04 /* SongTableViewCell.swift in Sources */,
				FFD97CA720466C2800B03C04 /* ViewController.swift in Sources */,
				FFD97CBF20466E3300B03C04 /* SongViewController.swift in Sources */,
				FFD97CBB20466E2E00B03C04 /* AlbumModel.swift in Sources */,
				FFD97CD32047484000B03C04 /* Albums.swift in Sources */,
				FFD97CC120466E3600B03C04 /* songData.swift in Sources */,
				FFD97CA520466C2800B03C04 /* AppDelegate.swift in Sources */,
			);
			runOnlyForDeploymentPostprocessing = 0;
		};
/* End PBXSourcesBuildPhase section */

/* Begin PBXVariantGroup section */
		FFD97CA820466C2800B03C04 /* Main.storyboard */ = {
			isa = PBXVariantGroup;
			children = (
				FFD97CA920466C2800B03C04 /* Base */,
			);
			name = Main.storyboard;
			sourceTree = "<group>";
		};
		FFD97CAD20466C2800B03C04 /* LaunchScreen.storyboard */ = {
			isa = PBXVariantGroup;
			children = (
				FFD97CAE20466C2800B03C04 /* Base */,
			);
			name = LaunchScreen.storyboard;
			sourceTree = "<group>";
		};
/* End PBXVariantGroup section */

/* Begin XCBuildConfiguration section */
		FFD97CB120466C2800B03C04 /* Debug */ = {
			isa = XCBuildConfiguration;
			buildSettings = {
				ALWAYS_SEARCH_USER_PATHS = NO;
				CLANG_ANALYZER_NONNULL = YES;
				CLANG_ANALYZER_NUMBER_OBJECT_CONVERSION = YES_AGGRESSIVE;
				CLANG_CXX_LANGUAGE_STANDARD = "gnu++14";
				CLANG_CXX_LIBRARY = "libc++";
				CLANG_ENABLE_MODULES = YES;
				CLANG_ENABLE_OBJC_ARC = YES;
				CLANG_WARN_BLOCK_CAPTURE_AUTORELEASING = YES;
				CLANG_WARN_BOOL_CONVERSION = YES;
				CLANG_WARN_COMMA = YES;
				CLANG_WARN_CONSTANT_CONVERSION = YES;
				CLANG_WARN_DIRECT_OBJC_ISA_USAGE = YES_ERROR;
				CLANG_WARN_DOCUMENTATION_COMMENTS = YES;
				CLANG_WARN_EMPTY_BODY = YES;
				CLANG_WARN_ENUM_CONVERSION = YES;
				CLANG_WARN_INFINITE_RECURSION = YES;
				CLANG_WARN_INT_CONVERSION = YES;
				CLANG_WARN_NON_LITERAL_NULL_CONVERSION = YES;
				CLANG_WARN_OBJC_LITERAL_CONVERSION = YES;
				CLANG_WARN_OBJC_ROOT_CLASS = YES_ERROR;
				CLANG_WARN_RANGE_LOOP_ANALYSIS = YES;
				CLANG_WARN_STRICT_PROTOTYPES = YES;
				CLANG_WARN_SUSPICIOUS_MOVE = YES;
				CLANG_WARN_UNGUARDED_AVAILABILITY = YES_AGGRESSIVE;
				CLANG_WARN_UNREACHABLE_CODE = YES;
				CLANG_WARN__DUPLICATE_METHOD_MATCH = YES;
				CODE_SIGN_IDENTITY = "iPhone Developer";
				COPY_PHASE_STRIP = NO;
				DEBUG_INFORMATION_FORMAT = dwarf;
				ENABLE_STRICT_OBJC_MSGSEND = YES;
				ENABLE_TESTABILITY = YES;
				GCC_C_LANGUAGE_STANDARD = gnu11;
				GCC_DYNAMIC_NO_PIC = NO;
				GCC_NO_COMMON_BLOCKS = YES;
				GCC_OPTIMIZATION_LEVEL = 0;
				GCC_PREPROCESSOR_DEFINITIONS = (
					"DEBUG=1",
					"$(inherited)",
				);
				GCC_WARN_64_TO_32_BIT_CONVERSION = YES;
				GCC_WARN_ABOUT_RETURN_TYPE = YES_ERROR;
				GCC_WARN_UNDECLARED_SELECTOR = YES;
				GCC_WARN_UNINITIALIZED_AUTOS = YES_AGGRESSIVE;
				GCC_WARN_UNUSED_FUNCTION = YES;
				GCC_WARN_UNUSED_VARIABLE = YES;
				IPHONEOS_DEPLOYMENT_TARGET = 11.2;
				MTL_ENABLE_DEBUG_INFO = YES;
				ONLY_ACTIVE_ARCH = YES;
				SDKROOT = iphoneos;
				SWIFT_ACTIVE_COMPILATION_CONDITIONS = DEBUG;
				SWIFT_OPTIMIZATION_LEVEL = "-Onone";
			};
			name = Debug;
		};
		FFD97CB220466C2800B03C04 /* Release */ = {
			isa = XCBuildConfiguration;
			buildSettings = {
				ALWAYS_SEARCH_USER_PATHS = NO;
				CLANG_ANALYZER_NONNULL = YES;
				CLANG_ANALYZER_NUMBER_OBJECT_CONVERSION = YES_AGGRESSIVE;
				CLANG_CXX_LANGUAGE_STANDARD = "gnu++14";
				CLANG_CXX_LIBRARY = "libc++";
				CLANG_ENABLE_MODULES = YES;
				CLANG_ENABLE_OBJC_ARC = YES;
				CLANG_WARN_BLOCK_CAPTURE_AUTORELEASING = YES;
				CLANG_WARN_BOOL_CONVERSION = YES;
				CLANG_WARN_COMMA = YES;
				CLANG_WARN_CONSTANT_CONVERSION = YES;
				CLANG_WARN_DIRECT_OBJC_ISA_USAGE = YES_ERROR;
				CLANG_WARN_DOCUMENTATION_COMMENTS = YES;
				CLANG_WARN_EMPTY_BODY = YES;
				CLANG_WARN_ENUM_CONVERSION = YES;
				CLANG_WARN_INFINITE_RECURSION = YES;
				CLANG_WARN_INT_CONVERSION = YES;
				CLANG_WARN_NON_LITERAL_NULL_CONVERSION = YES;
				CLANG_WARN_OBJC_LITERAL_CONVERSION = YES;
				CLANG_WARN_OBJC_ROOT_CLASS = YES_ERROR;
				CLANG_WARN_RANGE_LOOP_ANALYSIS = YES;
				CLANG_WARN_STRICT_PROTOTYPES = YES;
				CLANG_WARN_SUSPICIOUS_MOVE = YES;
				CLANG_WARN_UNGUARDED_AVAILABILITY = YES_AGGRESSIVE;
				CLANG_WARN_UNREACHABLE_CODE = YES;
				CLANG_WARN__DUPLICATE_METHOD_MATCH = YES;
				CODE_SIGN_IDENTITY = "iPhone Developer";
				COPY_PHASE_STRIP = NO;
				DEBUG_INFORMATION_FORMAT = "dwarf-with-dsym";
				ENABLE_NS_ASSERTIONS = NO;
				ENABLE_STRICT_OBJC_MSGSEND = YES;
				GCC_C_LANGUAGE_STANDARD = gnu11;
				GCC_NO_COMMON_BLOCKS = YES;
				GCC_WARN_64_TO_32_BIT_CONVERSION = YES;
				GCC_WARN_ABOUT_RETURN_TYPE = YES_ERROR;
				GCC_WARN_UNDECLARED_SELECTOR = YES;
				GCC_WARN_UNINITIALIZED_AUTOS = YES_AGGRESSIVE;
				GCC_WARN_UNUSED_FUNCTION = YES;
				GCC_WARN_UNUSED_VARIABLE = YES;
				IPHONEOS_DEPLOYMENT_TARGET = 11.2;
				MTL_ENABLE_DEBUG_INFO = NO;
				SDKROOT = iphoneos;
				SWIFT_OPTIMIZATION_LEVEL = "-Owholemodule";
				VALIDATE_PRODUCT = YES;
			};
			name = Release;
		};
		FFD97CB420466C2800B03C04 /* Debug */ = {
			isa = XCBuildConfiguration;
			buildSettings = {
				ASSETCATALOG_COMPILER_APPICON_NAME = AppIcon;
				CODE_SIGN_STYLE = Automatic;
				DEVELOPMENT_TEAM = WXH5CKM9TX;
				INFOPLIST_FILE = SongData/Info.plist;
				LD_RUNPATH_SEARCH_PATHS = "$(inherited) @executable_path/Frameworks";
				PRODUCT_BUNDLE_IDENTIFIER = com.se.SongData;
				PRODUCT_NAME = "$(TARGET_NAME)";
				SWIFT_VERSION = 4.0;
				TARGETED_DEVICE_FAMILY = "1,2";
			};
			name = Debug;
		};
		FFD97CB520466C2800B03C04 /* Release */ = {
			isa = XCBuildConfiguration;
			buildSettings = {
				ASSETCATALOG_COMPILER_APPICON_NAME = AppIcon;
				CODE_SIGN_STYLE = Automatic;
				DEVELOPMENT_TEAM = WXH5CKM9TX;
				INFOPLIST_FILE = SongData/Info.plist;
				LD_RUNPATH_SEARCH_PATHS = "$(inherited) @executable_path/Frameworks";
				PRODUCT_BUNDLE_IDENTIFIER = com.se.SongData;
				PRODUCT_NAME = "$(TARGET_NAME)";
				SWIFT_VERSION = 4.0;
				TARGETED_DEVICE_FAMILY = "1,2";
			};
			name = Release;
		};
/* End XCBuildConfiguration section */

/* Begin XCConfigurationList section */
		FFD97C9C20466C2800B03C04 /* Build configuration list for PBXProject "SongData" */ = {
			isa = XCConfigurationList;
			buildConfigurations = (
				FFD97CB120466C2800B03C04 /* Debug */,
				FFD97CB220466C2800B03C04 /* Release */,
			);
			defaultConfigurationIsVisible = 0;
			defaultConfigurationName = Release;
		};
		FFD97CB320466C2800B03C04 /* Build configuration list for PBXNativeTarget "SongData" */ = {
			isa = XCConfigurationList;
			buildConfigurations = (
				FFD97CB420466C2800B03C04 /* Debug */,
				FFD97CB520466C2800B03C04 /* Release */,
			);
			defaultConfigurationIsVisible = 0;
			defaultConfigurationName = Release;
		};
/* End XCConfigurationList section */
	};
	rootObject = FFD97C9920466C2800B03C04 /* Project object */;
}
