// !$*UTF8*$!
{
	archiveVersion = 1;
	classes = {
	};
	objectVersion = 48;
	objects = {

/* Begin PBXBuildFile section */
		FF78B336202D36330055F8EB /* AppDelegate.swift in Sources */ = {isa = PBXBuildFile; fileRef = FF78B335202D36330055F8EB /* AppDelegate.swift */; };
		FF78B338202D36330055F8EB /* ViewController.swift in Sources */ = {isa = PBXBuildFile; fileRef = FF78B337202D36330055F8EB /* ViewController.swift */; };
		FF78B33B202D36330055F8EB /* Main.storyboard in Resources */ = {isa = PBXBuildFile; fileRef = FF78B339202D36330055F8EB /* Main.storyboard */; };
		FF78B33D202D36330055F8EB /* Assets.xcassets in Resources */ = {isa = PBXBuildFile; fileRef = FF78B33C202D36330055F8EB /* Assets.xcassets */; };
		FF78B340202D36330055F8EB /* LaunchScreen.storyboard in Resources */ = {isa = PBXBuildFile; fileRef = FF78B33E202D36330055F8EB /* LaunchScreen.storyboard */; };
		FF78B348202D3EBD0055F8EB /* NextVC.swift in Sources */ = {isa = PBXBuildFile; fileRef = FF78B347202D3EBD0055F8EB /* NextVC.swift */; };
		FF78B34A202D4A4A0055F8EB /* images.jpg in Resources */ = {isa = PBXBuildFile; fileRef = FF78B349202D4A4A0055F8EB /* images.jpg */; };
		FF78B34C202D6B630055F8EB /* Property List.plist in Resources */ = {isa = PBXBuildFile; fileRef = FF78B34B202D6B630055F8EB /* Property List.plist */; };
/* End PBXBuildFile section */

/* Begin PBXFileReference section */
		FF78B332202D36330055F8EB /* NaviController.app */ = {isa = PBXFileReference; explicitFileType = wrapper.application; includeInIndex = 0; path = NaviController.app; sourceTree = BUILT_PRODUCTS_DIR; };
		FF78B335202D36330055F8EB /* AppDelegate.swift */ = {isa = PBXFileReference; lastKnownFileType = sourcecode.swift; path = AppDelegate.swift; sourceTree = "<group>"; };
		FF78B337202D36330055F8EB /* ViewController.swift */ = {isa = PBXFileReference; lastKnownFileType = sourcecode.swift; path = ViewController.swift; sourceTree = "<group>"; };
		FF78B33A202D36330055F8EB /* Base */ = {isa = PBXFileReference; lastKnownFileType = file.storyboard; name = Base; path = Base.lproj/Main.storyboard; sourceTree = "<group>"; };
		FF78B33C202D36330055F8EB /* Assets.xcassets */ = {isa = PBXFileReference; lastKnownFileType = folder.assetcatalog; path = Assets.xcassets; sourceTree = "<group>"; };
		FF78B33F202D36330055F8EB /* Base */ = {isa = PBXFileReference; lastKnownFileType = file.storyboard; name = Base; path = Base.lproj/LaunchScreen.storyboard; sourceTree = "<group>"; };
		FF78B341202D36330055F8EB /* Info.plist */ = {isa = PBXFileReference; lastKnownFileType = text.plist.xml; path = Info.plist; sourceTree = "<group>"; };
		FF78B347202D3EBD0055F8EB /* NextVC.swift */ = {isa = PBXFileReference; lastKnownFileType = sourcecode.swift; path = NextVC.swift; sourceTree = "<group>"; };
		FF78B349202D4A4A0055F8EB /* images.jpg */ = {isa = PBXFileReference; lastKnownFileType = image.jpeg; path = images.jpg; sourceTree = "<group>"; };
		FF78B34B202D6B630055F8EB /* Property List.plist */ = {isa = PBXFileReference; lastKnownFileType = text.plist.xml; path = "Property List.plist"; sourceTree = "<group>"; };
/* End PBXFileReference section */

/* Begin PBXFrameworksBuildPhase section */
		FF78B32F202D36320055F8EB /* Frameworks */ = {
			isa = PBXFrameworksBuildPhase;
			buildActionMask = 2147483647;
			files = (
			);
			runOnlyForDeploymentPostprocessing = 0;
		};
/* End PBXFrameworksBuildPhase section */

/* Begin PBXGroup section */
		FF78B329202D36320055F8EB = {
			isa = PBXGroup;
			children = (
				FF78B334202D36330055F8EB /* NaviController */,
				FF78B333202D36330055F8EB /* Products */,
				FF78B349202D4A4A0055F8EB /* images.jpg */,
			);
			sourceTree = "<group>";
		};
		FF78B333202D36330055F8EB /* Products */ = {
			isa = PBXGroup;
			children = (
				FF78B332202D36330055F8EB /* NaviController.app */,
			);
			name = Products;
			sourceTree = "<group>";
		};
		FF78B334202D36330055F8EB /* NaviController */ = {
			isa = PBXGroup;
			children = (
				FF78B335202D36330055F8EB /* AppDelegate.swift */,
				FF78B337202D36330055F8EB /* ViewController.swift */,
				FF78B347202D3EBD0055F8EB /* NextVC.swift */,
				FF78B34B202D6B630055F8EB /* Property List.plist */,
				FF78B339202D36330055F8EB /* Main.storyboard */,
				FF78B33C202D36330055F8EB /* Assets.xcassets */,
				FF78B33E202D36330055F8EB /* LaunchScreen.storyboard */,
				FF78B341202D36330055F8EB /* Info.plist */,
			);
			path = NaviController;
			sourceTree = "<group>";
		};
/* End PBXGroup section */

/* Begin PBXNativeTarget section */
		FF78B331202D36320055F8EB /* NaviController */ = {
			isa = PBXNativeTarget;
			buildConfigurationList = FF78B344202D36330055F8EB /* Build configuration list for PBXNativeTarget "NaviController" */;
			buildPhases = (
				FF78B32E202D36320055F8EB /* Sources */,
				FF78B32F202D36320055F8EB /* Frameworks */,
				FF78B330202D36320055F8EB /* Resources */,
			);
			buildRules = (
			);
			dependencies = (
			);
			name = NaviController;
			productName = NaviController;
			productReference = FF78B332202D36330055F8EB /* NaviController.app */;
			productType = "com.apple.product-type.application";
		};
/* End PBXNativeTarget section */

/* Begin PBXProject section */
		FF78B32A202D36320055F8EB /* Project object */ = {
			isa = PBXProject;
			attributes = {
				LastSwiftUpdateCheck = 0920;
				LastUpgradeCheck = 0920;
				ORGANIZATIONNAME = SE;
				TargetAttributes = {
					FF78B331202D36320055F8EB = {
						CreatedOnToolsVersion = 9.2;
						ProvisioningStyle = Automatic;
					};
				};
			};
			buildConfigurationList = FF78B32D202D36320055F8EB /* Build configuration list for PBXProject "NaviController" */;
			compatibilityVersion = "Xcode 8.0";
			developmentRegion = en;
			hasScannedForEncodings = 0;
			knownRegions = (
				en,
				Base,
			);
			mainGroup = FF78B329202D36320055F8EB;
			productRefGroup = FF78B333202D36330055F8EB /* Products */;
			projectDirPath = "";
			projectRoot = "";
			targets = (
				FF78B331202D36320055F8EB /* NaviController */,
			);
		};
/* End PBXProject section */

/* Begin PBXResourcesBuildPhase section */
		FF78B330202D36320055F8EB /* Resources */ = {
			isa = PBXResourcesBuildPhase;
			buildActionMask = 2147483647;
			files = (
				FF78B340202D36330055F8EB /* LaunchScreen.storyboard in Resources */,
				FF78B33D202D36330055F8EB /* Assets.xcassets in Resources */,
				FF78B33B202D36330055F8EB /* Main.storyboard in Resources */,
				FF78B34C202D6B630055F8EB /* Property List.plist in Resources */,
				FF78B34A202D4A4A0055F8EB /* images.jpg in Resources */,
			);
			runOnlyForDeploymentPostprocessing = 0;
		};
/* End PBXResourcesBuildPhase section */

/* Begin PBXSourcesBuildPhase section */
		FF78B32E202D36320055F8EB /* Sources */ = {
			isa = PBXSourcesBuildPhase;
			buildActionMask = 2147483647;
			files = (
				FF78B338202D36330055F8EB /* ViewController.swift in Sources */,
				FF78B336202D36330055F8EB /* AppDelegate.swift in Sources */,
				FF78B348202D3EBD0055F8EB /* NextVC.swift in Sources */,
			);
			runOnlyForDeploymentPostprocessing = 0;
		};
/* End PBXSourcesBuildPhase section */

/* Begin PBXVariantGroup section */
		FF78B339202D36330055F8EB /* Main.storyboard */ = {
			isa = PBXVariantGroup;
			children = (
				FF78B33A202D36330055F8EB /* Base */,
			);
			name = Main.storyboard;
			sourceTree = "<group>";
		};
		FF78B33E202D36330055F8EB /* LaunchScreen.storyboard */ = {
			isa = PBXVariantGroup;
			children = (
				FF78B33F202D36330055F8EB /* Base */,
			);
			name = LaunchScreen.storyboard;
			sourceTree = "<group>";
		};
/* End PBXVariantGroup section */

/* Begin XCBuildConfiguration section */
		FF78B342202D36330055F8EB /* Debug */ = {
			isa = XCBuildConfiguration;
			buildSettings = {
				ALWAYS_SEARCH_USER_PATHS = NO;
				CLANG_ANALYZER_NONNULL = YES;
				CLANG_ANALYZER_NUMBER_OBJECT_CONVERSION = YES_AGGRESSIVE;
				CLANG_CXX_LANGUAGE_STANDARD = "gnu++14";
				CLANG_CXX_LIBRARY = "libc++";
				CLANG_ENABLE_MODULES = YES;
				CLANG_ENABLE_OBJC_ARC = YES;
				CLANG_WARN_BLOCK_CAPTURE_AUTORELEASING = YES;
				CLANG_WARN_BOOL_CONVERSION = YES;
				CLANG_WARN_COMMA = YES;
				CLANG_WARN_CONSTANT_CONVERSION = YES;
				CLANG_WARN_DIRECT_OBJC_ISA_USAGE = YES_ERROR;
				CLANG_WARN_DOCUMENTATION_COMMENTS = YES;
				CLANG_WARN_EMPTY_BODY = YES;
				CLANG_WARN_ENUM_CONVERSION = YES;
				CLANG_WARN_INFINITE_RECURSION = YES;
				CLANG_WARN_INT_CONVERSION = YES;
				CLANG_WARN_NON_LITERAL_NULL_CONVERSION = YES;
				CLANG_WARN_OBJC_LITERAL_CONVERSION = YES;
				CLANG_WARN_OBJC_ROOT_CLASS = YES_ERROR;
				CLANG_WARN_RANGE_LOOP_ANALYSIS = YES;
				CLANG_WARN_STRICT_PROTOTYPES = YES;
				CLANG_WARN_SUSPICIOUS_MOVE = YES;
				CLANG_WARN_UNGUARDED_AVAILABILITY = YES_AGGRESSIVE;
				CLANG_WARN_UNREACHABLE_CODE = YES;
				CLANG_WARN__DUPLICATE_METHOD_MATCH = YES;
				CODE_SIGN_IDENTITY = "iPhone Developer";
				COPY_PHASE_STRIP = NO;
				DEBUG_INFORMATION_FORMAT = dwarf;
				ENABLE_STRICT_OBJC_MSGSEND = YES;
				ENABLE_TESTABILITY = YES;
				GCC_C_LANGUAGE_STANDARD = gnu11;
				GCC_DYNAMIC_NO_PIC = NO;
				GCC_NO_COMMON_BLOCKS = YES;
				GCC_OPTIMIZATION_LEVEL = 0;
				GCC_PREPROCESSOR_DEFINITIONS = (
					"DEBUG=1",
					"$(inherited)",
				);
				GCC_WARN_64_TO_32_BIT_CONVERSION = YES;
				GCC_WARN_ABOUT_RETURN_TYPE = YES_ERROR;
				GCC_WARN_UNDECLARED_SELECTOR = YES;
				GCC_WARN_UNINITIALIZED_AUTOS = YES_AGGRESSIVE;
				GCC_WARN_UNUSED_FUNCTION = YES;
				GCC_WARN_UNUSED_VARIABLE = YES;
				IPHONEOS_DEPLOYMENT_TARGET = 11.2;
				MTL_ENABLE_DEBUG_INFO = YES;
				ONLY_ACTIVE_ARCH = YES;
				SDKROOT = iphoneos;
				SWIFT_ACTIVE_COMPILATION_CONDITIONS = DEBUG;
				SWIFT_OPTIMIZATION_LEVEL = "-Onone";
			};
			name = Debug;
		};
		FF78B343202D36330055F8EB /* Release */ = {
			isa = XCBuildConfiguration;
			buildSettings = {
				ALWAYS_SEARCH_USER_PATHS = NO;
				CLANG_ANALYZER_NONNULL = YES;
				CLANG_ANALYZER_NUMBER_OBJECT_CONVERSION = YES_AGGRESSIVE;
				CLANG_CXX_LANGUAGE_STANDARD = "gnu++14";
				CLANG_CXX_LIBRARY = "libc++";
				CLANG_ENABLE_MODULES = YES;
				CLANG_ENABLE_OBJC_ARC = YES;
				CLANG_WARN_BLOCK_CAPTURE_AUTORELEASING = YES;
				CLANG_WARN_BOOL_CONVERSION = YES;
				CLANG_WARN_COMMA = YES;
				CLANG_WARN_CONSTANT_CONVERSION = YES;
				CLANG_WARN_DIRECT_OBJC_ISA_USAGE = YES_ERROR;
				CLANG_WARN_DOCUMENTATION_COMMENTS = YES;
				CLANG_WARN_EMPTY_BODY = YES;
				CLANG_WARN_ENUM_CONVERSION = YES;
				CLANG_WARN_INFINITE_RECURSION = YES;
				CLANG_WARN_INT_CONVERSION = YES;
				CLANG_WARN_NON_LITERAL_NULL_CONVERSION = YES;
				CLANG_WARN_OBJC_LITERAL_CONVERSION = YES;
				CLANG_WARN_OBJC_ROOT_CLASS = YES_ERROR;
				CLANG_WARN_RANGE_LOOP_ANALYSIS = YES;
				CLANG_WARN_STRICT_PROTOTYPES = YES;
				CLANG_WARN_SUSPICIOUS_MOVE = YES;
				CLANG_WARN_UNGUARDED_AVAILABILITY = YES_AGGRESSIVE;
				CLANG_WARN_UNREACHABLE_CODE = YES;
				CLANG_WARN__DUPLICATE_METHOD_MATCH = YES;
				CODE_SIGN_IDENTITY = "iPhone Developer";
				COPY_PHASE_STRIP = NO;
				DEBUG_INFORMATION_FORMAT = "dwarf-with-dsym";
				ENABLE_NS_ASSERTIONS = NO;
				ENABLE_STRICT_OBJC_MSGSEND = YES;
				GCC_C_LANGUAGE_STANDARD = gnu11;
				GCC_NO_COMMON_BLOCKS = YES;
				GCC_WARN_64_TO_32_BIT_CONVERSION = YES;
				GCC_WARN_ABOUT_RETURN_TYPE = YES_ERROR;
				GCC_WARN_UNDECLARED_SELECTOR = YES;
				GCC_WARN_UNINITIALIZED_AUTOS = YES_AGGRESSIVE;
				GCC_WARN_UNUSED_FUNCTION = YES;
				GCC_WARN_UNUSED_VARIABLE = YES;
				IPHONEOS_DEPLOYMENT_TARGET = 11.2;
				MTL_ENABLE_DEBUG_INFO = NO;
				SDKROOT = iphoneos;
				SWIFT_OPTIMIZATION_LEVEL = "-Owholemodule";
				VALIDATE_PRODUCT = YES;
			};
			name = Release;
		};
		FF78B345202D36330055F8EB /* Debug */ = {
			isa = XCBuildConfiguration;
			buildSettings = {
				ASSETCATALOG_COMPILER_APPICON_NAME = AppIcon;
				CODE_SIGN_STYLE = Automatic;
				DEVELOPMENT_TEAM = WXH5CKM9TX;
				INFOPLIST_FILE = NaviController/Info.plist;
				LD_RUNPATH_SEARCH_PATHS = "$(inherited) @executable_path/Frameworks";
				PRODUCT_BUNDLE_IDENTIFIER = com.se.NaviController;
				PRODUCT_NAME = "$(TARGET_NAME)";
				SWIFT_VERSION = 4.0;
				TARGETED_DEVICE_FAMILY = "1,2";
			};
			name = Debug;
		};
		FF78B346202D36330055F8EB /* Release */ = {
			isa = XCBuildConfiguration;
			buildSettings = {
				ASSETCATALOG_COMPILER_APPICON_NAME = AppIcon;
				CODE_SIGN_STYLE = Automatic;
				DEVELOPMENT_TEAM = WXH5CKM9TX;
				INFOPLIST_FILE = NaviController/Info.plist;
				LD_RUNPATH_SEARCH_PATHS = "$(inherited) @executable_path/Frameworks";
				PRODUCT_BUNDLE_IDENTIFIER = com.se.NaviController;
				PRODUCT_NAME = "$(TARGET_NAME)";
				SWIFT_VERSION = 4.0;
				TARGETED_DEVICE_FAMILY = "1,2";
			};
			name = Release;
		};
/* End XCBuildConfiguration section */

/* Begin XCConfigurationList section */
		FF78B32D202D36320055F8EB /* Build configuration list for PBXProject "NaviController" */ = {
			isa = XCConfigurationList;
			buildConfigurations = (
				FF78B342202D36330055F8EB /* Debug */,
				FF78B343202D36330055F8EB /* Release */,
			);
			defaultConfigurationIsVisible = 0;
			defaultConfigurationName = Release;
		};
		FF78B344202D36330055F8EB /* Build configuration list for PBXNativeTarget "NaviController" */ = {
			isa = XCConfigurationList;
			buildConfigurations = (
				FF78B345202D36330055F8EB /* Debug */,
				FF78B346202D36330055F8EB /* Release */,
			);
			defaultConfigurationIsVisible = 0;
			defaultConfigurationName = Release;
		};
/* End XCConfigurationList section */
	};
	rootObject = FF78B32A202D36320055F8EB /* Project object */;
}
