// !$*UTF8*$!
{
	archiveVersion = 1;
	classes = {
	};
	objectVersion = 50;
	objects = {

/* Begin PBXBuildFile section */
		6FC46DEB20C6442500DAA40D /* AppDelegate.swift in Sources */ = {isa = PBXBuildFile; fileRef = 6FC46DEA20C6442500DAA40D /* AppDelegate.swift */; };
		6FC46DED20C6442500DAA40D /* ViewController.swift in Sources */ = {isa = PBXBuildFile; fileRef = 6FC46DEC20C6442500DAA40D /* ViewController.swift */; };
		6FC46DF020C6442500DAA40D /* Main.storyboard in Resources */ = {isa = PBXBuildFile; fileRef = 6FC46DEE20C6442500DAA40D /* Main.storyboard */; };
		6FC46DF320C6442500DAA40D /* RealmTest.xcdatamodeld in Sources */ = {isa = PBXBuildFile; fileRef = 6FC46DF120C6442500DAA40D /* RealmTest.xcdatamodeld */; };
		6FC46DF520C6442700DAA40D /* Assets.xcassets in Resources */ = {isa = PBXBuildFile; fileRef = 6FC46DF420C6442700DAA40D /* Assets.xcassets */; };
		6FC46DF820C6442700DAA40D /* LaunchScreen.storyboard in Resources */ = {isa = PBXBuildFile; fileRef = 6FC46DF620C6442700DAA40D /* LaunchScreen.storyboard */; };
		6FC46E0120C644D400DAA40D /* Realm.framework in Frameworks */ = {isa = PBXBuildFile; fileRef = 6FC46DFF20C644D400DAA40D /* Realm.framework */; };
		6FC46E0220C644D400DAA40D /* Realm.framework in Embed Frameworks */ = {isa = PBXBuildFile; fileRef = 6FC46DFF20C644D400DAA40D /* Realm.framework */; settings = {ATTRIBUTES = (CodeSignOnCopy, RemoveHeadersOnCopy, ); }; };
		6FC46E0320C644D400DAA40D /* RealmSwift.framework in Frameworks */ = {isa = PBXBuildFile; fileRef = 6FC46E0020C644D400DAA40D /* RealmSwift.framework */; };
		6FC46E0420C644D400DAA40D /* RealmSwift.framework in Embed Frameworks */ = {isa = PBXBuildFile; fileRef = 6FC46E0020C644D400DAA40D /* RealmSwift.framework */; settings = {ATTRIBUTES = (CodeSignOnCopy, RemoveHeadersOnCopy, ); }; };
/* End PBXBuildFile section */

/* Begin PBXCopyFilesBuildPhase section */
		6FC46E0520C644D400DAA40D /* Embed Frameworks */ = {
			isa = PBXCopyFilesBuildPhase;
			buildActionMask = 2147483647;
			dstPath = "";
			dstSubfolderSpec = 10;
			files = (
				6FC46E0420C644D400DAA40D /* RealmSwift.framework in Embed Frameworks */,
				6FC46E0220C644D400DAA40D /* Realm.framework in Embed Frameworks */,
			);
			name = "Embed Frameworks";
			runOnlyForDeploymentPostprocessing = 0;
		};
/* End PBXCopyFilesBuildPhase section */

/* Begin PBXFileReference section */
		6FC46DE720C6442500DAA40D /* RealmTest.app */ = {isa = PBXFileReference; explicitFileType = wrapper.application; includeInIndex = 0; path = RealmTest.app; sourceTree = BUILT_PRODUCTS_DIR; };
		6FC46DEA20C6442500DAA40D /* AppDelegate.swift */ = {isa = PBXFileReference; lastKnownFileType = sourcecode.swift; path = AppDelegate.swift; sourceTree = "<group>"; };
		6FC46DEC20C6442500DAA40D /* ViewController.swift */ = {isa = PBXFileReference; lastKnownFileType = sourcecode.swift; path = ViewController.swift; sourceTree = "<group>"; };
		6FC46DEF20C6442500DAA40D /* Base */ = {isa = PBXFileReference; lastKnownFileType = file.storyboard; name = Base; path = Base.lproj/Main.storyboard; sourceTree = "<group>"; };
		6FC46DF220C6442500DAA40D /* RealmTest.xcdatamodel */ = {isa = PBXFileReference; lastKnownFileType = wrapper.xcdatamodel; path = RealmTest.xcdatamodel; sourceTree = "<group>"; };
		6FC46DF420C6442700DAA40D /* Assets.xcassets */ = {isa = PBXFileReference; lastKnownFileType = folder.assetcatalog; path = Assets.xcassets; sourceTree = "<group>"; };
		6FC46DF720C6442700DAA40D /* Base */ = {isa = PBXFileReference; lastKnownFileType = file.storyboard; name = Base; path = Base.lproj/LaunchScreen.storyboard; sourceTree = "<group>"; };
		6FC46DF920C6442700DAA40D /* Info.plist */ = {isa = PBXFileReference; lastKnownFileType = text.plist.xml; path = Info.plist; sourceTree = "<group>"; };
		6FC46DFF20C644D400DAA40D /* Realm.framework */ = {isa = PBXFileReference; lastKnownFileType = wrapper.framework; path = Realm.framework; sourceTree = "<group>"; };
		6FC46E0020C644D400DAA40D /* RealmSwift.framework */ = {isa = PBXFileReference; lastKnownFileType = wrapper.framework; path = RealmSwift.framework; sourceTree = "<group>"; };
/* End PBXFileReference section */

/* Begin PBXFrameworksBuildPhase section */
		6FC46DE420C6442500DAA40D /* Frameworks */ = {
			isa = PBXFrameworksBuildPhase;
			buildActionMask = 2147483647;
			files = (
				6FC46E0320C644D400DAA40D /* RealmSwift.framework in Frameworks */,
				6FC46E0120C644D400DAA40D /* Realm.framework in Frameworks */,
			);
			runOnlyForDeploymentPostprocessing = 0;
		};
/* End PBXFrameworksBuildPhase section */

/* Begin PBXGroup section */
		6FC46DDE20C6442400DAA40D = {
			isa = PBXGroup;
			children = (
				6FC46DFF20C644D400DAA40D /* Realm.framework */,
				6FC46E0020C644D400DAA40D /* RealmSwift.framework */,
				6FC46DE920C6442500DAA40D /* RealmTest */,
				6FC46DE820C6442500DAA40D /* Products */,
			);
			sourceTree = "<group>";
		};
		6FC46DE820C6442500DAA40D /* Products */ = {
			isa = PBXGroup;
			children = (
				6FC46DE720C6442500DAA40D /* RealmTest.app */,
			);
			name = Products;
			sourceTree = "<group>";
		};
		6FC46DE920C6442500DAA40D /* RealmTest */ = {
			isa = PBXGroup;
			children = (
				6FC46DEA20C6442500DAA40D /* AppDelegate.swift */,
				6FC46DEC20C6442500DAA40D /* ViewController.swift */,
				6FC46DEE20C6442500DAA40D /* Main.storyboard */,
				6FC46DF420C6442700DAA40D /* Assets.xcassets */,
				6FC46DF620C6442700DAA40D /* LaunchScreen.storyboard */,
				6FC46DF920C6442700DAA40D /* Info.plist */,
				6FC46DF120C6442500DAA40D /* RealmTest.xcdatamodeld */,
			);
			path = RealmTest;
			sourceTree = "<group>";
		};
/* End PBXGroup section */

/* Begin PBXNativeTarget section */
		6FC46DE620C6442500DAA40D /* RealmTest */ = {
			isa = PBXNativeTarget;
			buildConfigurationList = 6FC46DFC20C6442700DAA40D /* Build configuration list for PBXNativeTarget "RealmTest" */;
			buildPhases = (
				6FC46DE320C6442500DAA40D /* Sources */,
				6FC46DE420C6442500DAA40D /* Frameworks */,
				6FC46DE520C6442500DAA40D /* Resources */,
				6FC46E0520C644D400DAA40D /* Embed Frameworks */,
			);
			buildRules = (
			);
			dependencies = (
			);
			name = RealmTest;
			productName = RealmTest;
			productReference = 6FC46DE720C6442500DAA40D /* RealmTest.app */;
			productType = "com.apple.product-type.application";
		};
/* End PBXNativeTarget section */

/* Begin PBXProject section */
		6FC46DDF20C6442500DAA40D /* Project object */ = {
			isa = PBXProject;
			attributes = {
				LastSwiftUpdateCheck = 0940;
				LastUpgradeCheck = 0940;
				ORGANIZATIONNAME = sungeun;
				TargetAttributes = {
					6FC46DE620C6442500DAA40D = {
						CreatedOnToolsVersion = 9.4;
					};
				};
			};
			buildConfigurationList = 6FC46DE220C6442500DAA40D /* Build configuration list for PBXProject "RealmTest" */;
			compatibilityVersion = "Xcode 9.3";
			developmentRegion = en;
			hasScannedForEncodings = 0;
			knownRegions = (
				en,
				Base,
			);
			mainGroup = 6FC46DDE20C6442400DAA40D;
			productRefGroup = 6FC46DE820C6442500DAA40D /* Products */;
			projectDirPath = "";
			projectRoot = "";
			targets = (
				6FC46DE620C6442500DAA40D /* RealmTest */,
			);
		};
/* End PBXProject section */

/* Begin PBXResourcesBuildPhase section */
		6FC46DE520C6442500DAA40D /* Resources */ = {
			isa = PBXResourcesBuildPhase;
			buildActionMask = 2147483647;
			files = (
				6FC46DF820C6442700DAA40D /* LaunchScreen.storyboard in Resources */,
				6FC46DF520C6442700DAA40D /* Assets.xcassets in Resources */,
				6FC46DF020C6442500DAA40D /* Main.storyboard in Resources */,
			);
			runOnlyForDeploymentPostprocessing = 0;
		};
/* End PBXResourcesBuildPhase section */

/* Begin PBXSourcesBuildPhase section */
		6FC46DE320C6442500DAA40D /* Sources */ = {
			isa = PBXSourcesBuildPhase;
			buildActionMask = 2147483647;
			files = (
				6FC46DED20C6442500DAA40D /* ViewController.swift in Sources */,
				6FC46DEB20C6442500DAA40D /* AppDelegate.swift in Sources */,
				6FC46DF320C6442500DAA40D /* RealmTest.xcdatamodeld in Sources */,
			);
			runOnlyForDeploymentPostprocessing = 0;
		};
/* End PBXSourcesBuildPhase section */

/* Begin PBXVariantGroup section */
		6FC46DEE20C6442500DAA40D /* Main.storyboard */ = {
			isa = PBXVariantGroup;
			children = (
				6FC46DEF20C6442500DAA40D /* Base */,
			);
			name = Main.storyboard;
			sourceTree = "<group>";
		};
		6FC46DF620C6442700DAA40D /* LaunchScreen.storyboard */ = {
			isa = PBXVariantGroup;
			children = (
				6FC46DF720C6442700DAA40D /* Base */,
			);
			name = LaunchScreen.storyboard;
			sourceTree = "<group>";
		};
/* End PBXVariantGroup section */

/* Begin XCBuildConfiguration section */
		6FC46DFA20C6442700DAA40D /* Debug */ = {
			isa = XCBuildConfiguration;
			buildSettings = {
				ALWAYS_SEARCH_USER_PATHS = NO;
				CLANG_ANALYZER_NONNULL = YES;
				CLANG_ANALYZER_NUMBER_OBJECT_CONVERSION = YES_AGGRESSIVE;
				CLANG_CXX_LANGUAGE_STANDARD = "gnu++14";
				CLANG_CXX_LIBRARY = "libc++";
				CLANG_ENABLE_MODULES = YES;
				CLANG_ENABLE_OBJC_ARC = YES;
				CLANG_ENABLE_OBJC_WEAK = YES;
				CLANG_WARN_BLOCK_CAPTURE_AUTORELEASING = YES;
				CLANG_WARN_BOOL_CONVERSION = YES;
				CLANG_WARN_COMMA = YES;
				CLANG_WARN_CONSTANT_CONVERSION = YES;
				CLANG_WARN_DEPRECATED_OBJC_IMPLEMENTATIONS = YES;
				CLANG_WARN_DIRECT_OBJC_ISA_USAGE = YES_ERROR;
				CLANG_WARN_DOCUMENTATION_COMMENTS = YES;
				CLANG_WARN_EMPTY_BODY = YES;
				CLANG_WARN_ENUM_CONVERSION = YES;
				CLANG_WARN_INFINITE_RECURSION = YES;
				CLANG_WARN_INT_CONVERSION = YES;
				CLANG_WARN_NON_LITERAL_NULL_CONVERSION = YES;
				CLANG_WARN_OBJC_IMPLICIT_RETAIN_SELF = YES;
				CLANG_WARN_OBJC_LITERAL_CONVERSION = YES;
				CLANG_WARN_OBJC_ROOT_CLASS = YES_ERROR;
				CLANG_WARN_RANGE_LOOP_ANALYSIS = YES;
				CLANG_WARN_STRICT_PROTOTYPES = YES;
				CLANG_WARN_SUSPICIOUS_MOVE = YES;
				CLANG_WARN_UNGUARDED_AVAILABILITY = YES_AGGRESSIVE;
				CLANG_WARN_UNREACHABLE_CODE = YES;
				CLANG_WARN__DUPLICATE_METHOD_MATCH = YES;
				CODE_SIGN_IDENTITY = "iPhone Developer";
				COPY_PHASE_STRIP = NO;
				DEBUG_INFORMATION_FORMAT = dwarf;
				ENABLE_STRICT_OBJC_MSGSEND = YES;
				ENABLE_TESTABILITY = YES;
				GCC_C_LANGUAGE_STANDARD = gnu11;
				GCC_DYNAMIC_NO_PIC = NO;
				GCC_NO_COMMON_BLOCKS = YES;
				GCC_OPTIMIZATION_LEVEL = 0;
				GCC_PREPROCESSOR_DEFINITIONS = (
					"DEBUG=1",
					"$(inherited)",
				);
				GCC_WARN_64_TO_32_BIT_CONVERSION = YES;
				GCC_WARN_ABOUT_RETURN_TYPE = YES_ERROR;
				GCC_WARN_UNDECLARED_SELECTOR = YES;
				GCC_WARN_UNINITIALIZED_AUTOS = YES_AGGRESSIVE;
				GCC_WARN_UNUSED_FUNCTION = YES;
				GCC_WARN_UNUSED_VARIABLE = YES;
				IPHONEOS_DEPLOYMENT_TARGET = 11.4;
				MTL_ENABLE_DEBUG_INFO = YES;
				ONLY_ACTIVE_ARCH = YES;
				SDKROOT = iphoneos;
				SWIFT_ACTIVE_COMPILATION_CONDITIONS = DEBUG;
				SWIFT_OPTIMIZATION_LEVEL = "-Onone";
			};
			name = Debug;
		};
		6FC46DFB20C6442700DAA40D /* Release */ = {
			isa = XCBuildConfiguration;
			buildSettings = {
				ALWAYS_SEARCH_USER_PATHS = NO;
				CLANG_ANALYZER_NONNULL = YES;
				CLANG_ANALYZER_NUMBER_OBJECT_CONVERSION = YES_AGGRESSIVE;
				CLANG_CXX_LANGUAGE_STANDARD = "gnu++14";
				CLANG_CXX_LIBRARY = "libc++";
				CLANG_ENABLE_MODULES = YES;
				CLANG_ENABLE_OBJC_ARC = YES;
				CLANG_ENABLE_OBJC_WEAK = YES;
				CLANG_WARN_BLOCK_CAPTURE_AUTORELEASING = YES;
				CLANG_WARN_BOOL_CONVERSION = YES;
				CLANG_WARN_COMMA = YES;
				CLANG_WARN_CONSTANT_CONVERSION = YES;
				CLANG_WARN_DEPRECATED_OBJC_IMPLEMENTATIONS = YES;
				CLANG_WARN_DIRECT_OBJC_ISA_USAGE = YES_ERROR;
				CLANG_WARN_DOCUMENTATION_COMMENTS = YES;
				CLANG_WARN_EMPTY_BODY = YES;
				CLANG_WARN_ENUM_CONVERSION = YES;
				CLANG_WARN_INFINITE_RECURSION = YES;
				CLANG_WARN_INT_CONVERSION = YES;
				CLANG_WARN_NON_LITERAL_NULL_CONVERSION = YES;
				CLANG_WARN_OBJC_IMPLICIT_RETAIN_SELF = YES;
				CLANG_WARN_OBJC_LITERAL_CONVERSION = YES;
				CLANG_WARN_OBJC_ROOT_CLASS = YES_ERROR;
				CLANG_WARN_RANGE_LOOP_ANALYSIS = YES;
				CLANG_WARN_STRICT_PROTOTYPES = YES;
				CLANG_WARN_SUSPICIOUS_MOVE = YES;
				CLANG_WARN_UNGUARDED_AVAILABILITY = YES_AGGRESSIVE;
				CLANG_WARN_UNREACHABLE_CODE = YES;
				CLANG_WARN__DUPLICATE_METHOD_MATCH = YES;
				CODE_SIGN_IDENTITY = "iPhone Developer";
				COPY_PHASE_STRIP = NO;
				DEBUG_INFORMATION_FORMAT = "dwarf-with-dsym";
				ENABLE_NS_ASSERTIONS = NO;
				ENABLE_STRICT_OBJC_MSGSEND = YES;
				GCC_C_LANGUAGE_STANDARD = gnu11;
				GCC_NO_COMMON_BLOCKS = YES;
				GCC_WARN_64_TO_32_BIT_CONVERSION = YES;
				GCC_WARN_ABOUT_RETURN_TYPE = YES_ERROR;
				GCC_WARN_UNDECLARED_SELECTOR = YES;
				GCC_WARN_UNINITIALIZED_AUTOS = YES_AGGRESSIVE;
				GCC_WARN_UNUSED_FUNCTION = YES;
				GCC_WARN_UNUSED_VARIABLE = YES;
				IPHONEOS_DEPLOYMENT_TARGET = 11.4;
				MTL_ENABLE_DEBUG_INFO = NO;
				SDKROOT = iphoneos;
				SWIFT_COMPILATION_MODE = wholemodule;
				SWIFT_OPTIMIZATION_LEVEL = "-O";
				VALIDATE_PRODUCT = YES;
			};
			name = Release;
		};
		6FC46DFD20C6442700DAA40D /* Debug */ = {
			isa = XCBuildConfiguration;
			buildSettings = {
				ASSETCATALOG_COMPILER_APPICON_NAME = AppIcon;
				CODE_SIGN_STYLE = Automatic;
				DEVELOPMENT_TEAM = G4MM77V7NH;
				FRAMEWORK_SEARCH_PATHS = (
					"$(inherited)",
					"$(PROJECT_DIR)",
				);
				INFOPLIST_FILE = RealmTest/Info.plist;
				LD_RUNPATH_SEARCH_PATHS = (
					"$(inherited)",
					"@executable_path/Frameworks",
				);
				PRODUCT_BUNDLE_IDENTIFIER = com.sungeun.RealmTest;
				PRODUCT_NAME = "$(TARGET_NAME)";
				SWIFT_VERSION = 4.0;
				TARGETED_DEVICE_FAMILY = "1,2";
			};
			name = Debug;
		};
		6FC46DFE20C6442700DAA40D /* Release */ = {
			isa = XCBuildConfiguration;
			buildSettings = {
				ASSETCATALOG_COMPILER_APPICON_NAME = AppIcon;
				CODE_SIGN_STYLE = Automatic;
				DEVELOPMENT_TEAM = G4MM77V7NH;
				FRAMEWORK_SEARCH_PATHS = (
					"$(inherited)",
					"$(PROJECT_DIR)",
				);
				INFOPLIST_FILE = RealmTest/Info.plist;
				LD_RUNPATH_SEARCH_PATHS = (
					"$(inherited)",
					"@executable_path/Frameworks",
				);
				PRODUCT_BUNDLE_IDENTIFIER = com.sungeun.RealmTest;
				PRODUCT_NAME = "$(TARGET_NAME)";
				SWIFT_VERSION = 4.0;
				TARGETED_DEVICE_FAMILY = "1,2";
			};
			name = Release;
		};
/* End XCBuildConfiguration section */

/* Begin XCConfigurationList section */
		6FC46DE220C6442500DAA40D /* Build configuration list for PBXProject "RealmTest" */ = {
			isa = XCConfigurationList;
			buildConfigurations = (
				6FC46DFA20C6442700DAA40D /* Debug */,
				6FC46DFB20C6442700DAA40D /* Release */,
			);
			defaultConfigurationIsVisible = 0;
			defaultConfigurationName = Release;
		};
		6FC46DFC20C6442700DAA40D /* Build configuration list for PBXNativeTarget "RealmTest" */ = {
			isa = XCConfigurationList;
			buildConfigurations = (
				6FC46DFD20C6442700DAA40D /* Debug */,
				6FC46DFE20C6442700DAA40D /* Release */,
			);
			defaultConfigurationIsVisible = 0;
			defaultConfigurationName = Release;
		};
/* End XCConfigurationList section */

/* Begin XCVersionGroup section */
		6FC46DF120C6442500DAA40D /* RealmTest.xcdatamodeld */ = {
			isa = XCVersionGroup;
			children = (
				6FC46DF220C6442500DAA40D /* RealmTest.xcdatamodel */,
			);
			currentVersion = 6FC46DF220C6442500DAA40D /* RealmTest.xcdatamodel */;
			path = RealmTest.xcdatamodeld;
			sourceTree = "<group>";
			versionGroupType = wrapper.xcdatamodel;
		};
/* End XCVersionGroup section */
	};
	rootObject = 6FC46DDF20C6442500DAA40D /* Project object */;
}
