// !$*UTF8*$!
{
	archiveVersion = 1;
	classes = {
	};
	objectVersion = 50;
	objects = {

/* Begin PBXBuildFile section */
		02DB69A421814F8500570182 /* AppDelegate.swift in Sources */ = {isa = PBXBuildFile; fileRef = 02DB69A321814F8500570182 /* AppDelegate.swift */; };
		02DB69A621814F8500570182 /* ViewController.swift in Sources */ = {isa = PBXBuildFile; fileRef = 02DB69A521814F8500570182 /* ViewController.swift */; };
		02DB69A921814F8500570182 /* Main.storyboard in Resources */ = {isa = PBXBuildFile; fileRef = 02DB69A721814F8500570182 /* Main.storyboard */; };
		02DB69AB21814F8700570182 /* Assets.xcassets in Resources */ = {isa = PBXBuildFile; fileRef = 02DB69AA21814F8700570182 /* Assets.xcassets */; };
		02DB69AE21814F8700570182 /* LaunchScreen.storyboard in Resources */ = {isa = PBXBuildFile; fileRef = 02DB69AC21814F8700570182 /* LaunchScreen.storyboard */; };
		FCFB981F70A421AAF9F76913 /* Pods_SnapKitSample.framework in Frameworks */ = {isa = PBXBuildFile; fileRef = 1CC6A150879D835A4D64AD32 /* Pods_SnapKitSample.framework */; };
/* End PBXBuildFile section */

/* Begin PBXFileReference section */
		02DB69A021814F8500570182 /* SnapKitSample.app */ = {isa = PBXFileReference; explicitFileType = wrapper.application; includeInIndex = 0; path = SnapKitSample.app; sourceTree = BUILT_PRODUCTS_DIR; };
		02DB69A321814F8500570182 /* AppDelegate.swift */ = {isa = PBXFileReference; lastKnownFileType = sourcecode.swift; path = AppDelegate.swift; sourceTree = "<group>"; };
		02DB69A521814F8500570182 /* ViewController.swift */ = {isa = PBXFileReference; lastKnownFileType = sourcecode.swift; path = ViewController.swift; sourceTree = "<group>"; };
		02DB69A821814F8500570182 /* Base */ = {isa = PBXFileReference; lastKnownFileType = file.storyboard; name = Base; path = Base.lproj/Main.storyboard; sourceTree = "<group>"; };
		02DB69AA21814F8700570182 /* Assets.xcassets */ = {isa = PBXFileReference; lastKnownFileType = folder.assetcatalog; path = Assets.xcassets; sourceTree = "<group>"; };
		02DB69AD21814F8700570182 /* Base */ = {isa = PBXFileReference; lastKnownFileType = file.storyboard; name = Base; path = Base.lproj/LaunchScreen.storyboard; sourceTree = "<group>"; };
		02DB69AF21814F8700570182 /* Info.plist */ = {isa = PBXFileReference; lastKnownFileType = text.plist.xml; path = Info.plist; sourceTree = "<group>"; };
		1CC6A150879D835A4D64AD32 /* Pods_SnapKitSample.framework */ = {isa = PBXFileReference; explicitFileType = wrapper.framework; includeInIndex = 0; path = Pods_SnapKitSample.framework; sourceTree = BUILT_PRODUCTS_DIR; };
		77E81C9EFFADEE82DCE0FA30 /* Pods-SnapKitSample.debug.xcconfig */ = {isa = PBXFileReference; includeInIndex = 1; lastKnownFileType = text.xcconfig; name = "Pods-SnapKitSample.debug.xcconfig"; path = "Pods/Target Support Files/Pods-SnapKitSample/Pods-SnapKitSample.debug.xcconfig"; sourceTree = "<group>"; };
		FA1AB183B872105D8438E10C /* Pods-SnapKitSample.release.xcconfig */ = {isa = PBXFileReference; includeInIndex = 1; lastKnownFileType = text.xcconfig; name = "Pods-SnapKitSample.release.xcconfig"; path = "Pods/Target Support Files/Pods-SnapKitSample/Pods-SnapKitSample.release.xcconfig"; sourceTree = "<group>"; };
/* End PBXFileReference section */

/* Begin PBXFrameworksBuildPhase section */
		02DB699D21814F8500570182 /* Frameworks */ = {
			isa = PBXFrameworksBuildPhase;
			buildActionMask = 2147483647;
			files = (
				FCFB981F70A421AAF9F76913 /* Pods_SnapKitSample.framework in Frameworks */,
			);
			runOnlyForDeploymentPostprocessing = 0;
		};
/* End PBXFrameworksBuildPhase section */

/* Begin PBXGroup section */
		02DB699721814F8500570182 = {
			isa = PBXGroup;
			children = (
				02DB69A221814F8500570182 /* SnapKitSample */,
				02DB69A121814F8500570182 /* Products */,
				9385FB3965EAC36480B6A600 /* Pods */,
				48D69B0547461618B3E4FC10 /* Frameworks */,
			);
			sourceTree = "<group>";
		};
		02DB69A121814F8500570182 /* Products */ = {
			isa = PBXGroup;
			children = (
				02DB69A021814F8500570182 /* SnapKitSample.app */,
			);
			name = Products;
			sourceTree = "<group>";
		};
		02DB69A221814F8500570182 /* SnapKitSample */ = {
			isa = PBXGroup;
			children = (
				02DB69A321814F8500570182 /* AppDelegate.swift */,
				02DB69A521814F8500570182 /* ViewController.swift */,
				02DB69A721814F8500570182 /* Main.storyboard */,
				02DB69AA21814F8700570182 /* Assets.xcassets */,
				02DB69AC21814F8700570182 /* LaunchScreen.storyboard */,
				02DB69AF21814F8700570182 /* Info.plist */,
			);
			path = SnapKitSample;
			sourceTree = "<group>";
		};
		48D69B0547461618B3E4FC10 /* Frameworks */ = {
			isa = PBXGroup;
			children = (
				1CC6A150879D835A4D64AD32 /* Pods_SnapKitSample.framework */,
			);
			name = Frameworks;
			sourceTree = "<group>";
		};
		9385FB3965EAC36480B6A600 /* Pods */ = {
			isa = PBXGroup;
			children = (
				77E81C9EFFADEE82DCE0FA30 /* Pods-SnapKitSample.debug.xcconfig */,
				FA1AB183B872105D8438E10C /* Pods-SnapKitSample.release.xcconfig */,
			);
			name = Pods;
			sourceTree = "<group>";
		};
/* End PBXGroup section */

/* Begin PBXNativeTarget section */
		02DB699F21814F8500570182 /* SnapKitSample */ = {
			isa = PBXNativeTarget;
			buildConfigurationList = 02DB69B221814F8700570182 /* Build configuration list for PBXNativeTarget "SnapKitSample" */;
			buildPhases = (
				9CF98DA653CFBC085CC26BF0 /* [CP] Check Pods Manifest.lock */,
				02DB699C21814F8500570182 /* Sources */,
				02DB699D21814F8500570182 /* Frameworks */,
				02DB699E21814F8500570182 /* Resources */,
				F34EF48095A30FB69EB69423 /* [CP] Embed Pods Frameworks */,
				D239A58BED9E0AB797AEB35C /* [CP] Copy Pods Resources */,
			);
			buildRules = (
			);
			dependencies = (
			);
			name = SnapKitSample;
			productName = SnapKitSample;
			productReference = 02DB69A021814F8500570182 /* SnapKitSample.app */;
			productType = "com.apple.product-type.application";
		};
/* End PBXNativeTarget section */

/* Begin PBXProject section */
		02DB699821814F8500570182 /* Project object */ = {
			isa = PBXProject;
			attributes = {
				LastSwiftUpdateCheck = 1000;
				LastUpgradeCheck = 1000;
				ORGANIZATIONNAME = ssungnni;
				TargetAttributes = {
					02DB699F21814F8500570182 = {
						CreatedOnToolsVersion = 10.0;
					};
				};
			};
			buildConfigurationList = 02DB699B21814F8500570182 /* Build configuration list for PBXProject "SnapKitSample" */;
			compatibilityVersion = "Xcode 9.3";
			developmentRegion = en;
			hasScannedForEncodings = 0;
			knownRegions = (
				en,
				Base,
			);
			mainGroup = 02DB699721814F8500570182;
			productRefGroup = 02DB69A121814F8500570182 /* Products */;
			projectDirPath = "";
			projectRoot = "";
			targets = (
				02DB699F21814F8500570182 /* SnapKitSample */,
			);
		};
/* End PBXProject section */

/* Begin PBXResourcesBuildPhase section */
		02DB699E21814F8500570182 /* Resources */ = {
			isa = PBXResourcesBuildPhase;
			buildActionMask = 2147483647;
			files = (
				02DB69AE21814F8700570182 /* LaunchScreen.storyboard in Resources */,
				02DB69AB21814F8700570182 /* Assets.xcassets in Resources */,
				02DB69A921814F8500570182 /* Main.storyboard in Resources */,
			);
			runOnlyForDeploymentPostprocessing = 0;
		};
/* End PBXResourcesBuildPhase section */

/* Begin PBXShellScriptBuildPhase section */
		9CF98DA653CFBC085CC26BF0 /* [CP] Check Pods Manifest.lock */ = {
			isa = PBXShellScriptBuildPhase;
			buildActionMask = 2147483647;
			files = (
			);
			inputPaths = (
				"${PODS_PODFILE_DIR_PATH}/Podfile.lock",
				"${PODS_ROOT}/Manifest.lock",
			);
			name = "[CP] Check Pods Manifest.lock";
			outputPaths = (
				"$(DERIVED_FILE_DIR)/Pods-SnapKitSample-checkManifestLockResult.txt",
			);
			runOnlyForDeploymentPostprocessing = 0;
			shellPath = /bin/sh;
			shellScript = "diff \"${PODS_PODFILE_DIR_PATH}/Podfile.lock\" \"${PODS_ROOT}/Manifest.lock\" > /dev/null\nif [ $? != 0 ] ; then\n    # print error to STDERR\n    echo \"error: The sandbox is not in sync with the Podfile.lock. Run 'pod install' or update your CocoaPods installation.\" >&2\n    exit 1\nfi\n# This output is used by Xcode 'outputs' to avoid re-running this script phase.\necho \"SUCCESS\" > \"${SCRIPT_OUTPUT_FILE_0}\"\n";
			showEnvVarsInLog = 0;
		};
		D239A58BED9E0AB797AEB35C /* [CP] Copy Pods Resources */ = {
			isa = PBXShellScriptBuildPhase;
			buildActionMask = 2147483647;
			files = (
			);
			inputPaths = (
			);
			name = "[CP] Copy Pods Resources";
			outputPaths = (
			);
			runOnlyForDeploymentPostprocessing = 0;
			shellPath = /bin/sh;
			shellScript = "\"${SRCROOT}/Pods/Target Support Files/Pods-SnapKitSample/Pods-SnapKitSample-resources.sh\"\n";
			showEnvVarsInLog = 0;
		};
		F34EF48095A30FB69EB69423 /* [CP] Embed Pods Frameworks */ = {
			isa = PBXShellScriptBuildPhase;
			buildActionMask = 2147483647;
			files = (
			);
			inputPaths = (
				"${SRCROOT}/Pods/Target Support Files/Pods-SnapKitSample/Pods-SnapKitSample-frameworks.sh",
				"${BUILT_PRODUCTS_DIR}/SnapKit/SnapKit.framework",
			);
			name = "[CP] Embed Pods Frameworks";
			outputPaths = (
				"${TARGET_BUILD_DIR}/${FRAMEWORKS_FOLDER_PATH}/SnapKit.framework",
			);
			runOnlyForDeploymentPostprocessing = 0;
			shellPath = /bin/sh;
			shellScript = "\"${SRCROOT}/Pods/Target Support Files/Pods-SnapKitSample/Pods-SnapKitSample-frameworks.sh\"\n";
			showEnvVarsInLog = 0;
		};
/* End PBXShellScriptBuildPhase section */

/* Begin PBXSourcesBuildPhase section */
		02DB699C21814F8500570182 /* Sources */ = {
			isa = PBXSourcesBuildPhase;
			buildActionMask = 2147483647;
			files = (
				02DB69A621814F8500570182 /* ViewController.swift in Sources */,
				02DB69A421814F8500570182 /* AppDelegate.swift in Sources */,
			);
			runOnlyForDeploymentPostprocessing = 0;
		};
/* End PBXSourcesBuildPhase section */

/* Begin PBXVariantGroup section */
		02DB69A721814F8500570182 /* Main.storyboard */ = {
			isa = PBXVariantGroup;
			children = (
				02DB69A821814F8500570182 /* Base */,
			);
			name = Main.storyboard;
			sourceTree = "<group>";
		};
		02DB69AC21814F8700570182 /* LaunchScreen.storyboard */ = {
			isa = PBXVariantGroup;
			children = (
				02DB69AD21814F8700570182 /* Base */,
			);
			name = LaunchScreen.storyboard;
			sourceTree = "<group>";
		};
/* End PBXVariantGroup section */

/* Begin XCBuildConfiguration section */
		02DB69B021814F8700570182 /* Debug */ = {
			isa = XCBuildConfiguration;
			buildSettings = {
				ALWAYS_SEARCH_USER_PATHS = NO;
				CLANG_ANALYZER_NONNULL = YES;
				CLANG_ANALYZER_NUMBER_OBJECT_CONVERSION = YES_AGGRESSIVE;
				CLANG_CXX_LANGUAGE_STANDARD = "gnu++14";
				CLANG_CXX_LIBRARY = "libc++";
				CLANG_ENABLE_MODULES = YES;
				CLANG_ENABLE_OBJC_ARC = YES;
				CLANG_ENABLE_OBJC_WEAK = YES;
				CLANG_WARN_BLOCK_CAPTURE_AUTORELEASING = YES;
				CLANG_WARN_BOOL_CONVERSION = YES;
				CLANG_WARN_COMMA = YES;
				CLANG_WARN_CONSTANT_CONVERSION = YES;
				CLANG_WARN_DEPRECATED_OBJC_IMPLEMENTATIONS = YES;
				CLANG_WARN_DIRECT_OBJC_ISA_USAGE = YES_ERROR;
				CLANG_WARN_DOCUMENTATION_COMMENTS = YES;
				CLANG_WARN_EMPTY_BODY = YES;
				CLANG_WARN_ENUM_CONVERSION = YES;
				CLANG_WARN_INFINITE_RECURSION = YES;
				CLANG_WARN_INT_CONVERSION = YES;
				CLANG_WARN_NON_LITERAL_NULL_CONVERSION = YES;
				CLANG_WARN_OBJC_IMPLICIT_RETAIN_SELF = YES;
				CLANG_WARN_OBJC_LITERAL_CONVERSION = YES;
				CLANG_WARN_OBJC_ROOT_CLASS = YES_ERROR;
				CLANG_WARN_RANGE_LOOP_ANALYSIS = YES;
				CLANG_WARN_STRICT_PROTOTYPES = YES;
				CLANG_WARN_SUSPICIOUS_MOVE = YES;
				CLANG_WARN_UNGUARDED_AVAILABILITY = YES_AGGRESSIVE;
				CLANG_WARN_UNREACHABLE_CODE = YES;
				CLANG_WARN__DUPLICATE_METHOD_MATCH = YES;
				CODE_SIGN_IDENTITY = "iPhone Developer";
				COPY_PHASE_STRIP = NO;
				DEBUG_INFORMATION_FORMAT = dwarf;
				ENABLE_STRICT_OBJC_MSGSEND = YES;
				ENABLE_TESTABILITY = YES;
				GCC_C_LANGUAGE_STANDARD = gnu11;
				GCC_DYNAMIC_NO_PIC = NO;
				GCC_NO_COMMON_BLOCKS = YES;
				GCC_OPTIMIZATION_LEVEL = 0;
				GCC_PREPROCESSOR_DEFINITIONS = (
					"DEBUG=1",
					"$(inherited)",
				);
				GCC_WARN_64_TO_32_BIT_CONVERSION = YES;
				GCC_WARN_ABOUT_RETURN_TYPE = YES_ERROR;
				GCC_WARN_UNDECLARED_SELECTOR = YES;
				GCC_WARN_UNINITIALIZED_AUTOS = YES_AGGRESSIVE;
				GCC_WARN_UNUSED_FUNCTION = YES;
				GCC_WARN_UNUSED_VARIABLE = YES;
				IPHONEOS_DEPLOYMENT_TARGET = 12.0;
				MTL_ENABLE_DEBUG_INFO = INCLUDE_SOURCE;
				MTL_FAST_MATH = YES;
				ONLY_ACTIVE_ARCH = YES;
				SDKROOT = iphoneos;
				SWIFT_ACTIVE_COMPILATION_CONDITIONS = DEBUG;
				SWIFT_OPTIMIZATION_LEVEL = "-Onone";
			};
			name = Debug;
		};
		02DB69B121814F8700570182 /* Release */ = {
			isa = XCBuildConfiguration;
			buildSettings = {
				ALWAYS_SEARCH_USER_PATHS = NO;
				CLANG_ANALYZER_NONNULL = YES;
				CLANG_ANALYZER_NUMBER_OBJECT_CONVERSION = YES_AGGRESSIVE;
				CLANG_CXX_LANGUAGE_STANDARD = "gnu++14";
				CLANG_CXX_LIBRARY = "libc++";
				CLANG_ENABLE_MODULES = YES;
				CLANG_ENABLE_OBJC_ARC = YES;
				CLANG_ENABLE_OBJC_WEAK = YES;
				CLANG_WARN_BLOCK_CAPTURE_AUTORELEASING = YES;
				CLANG_WARN_BOOL_CONVERSION = YES;
				CLANG_WARN_COMMA = YES;
				CLANG_WARN_CONSTANT_CONVERSION = YES;
				CLANG_WARN_DEPRECATED_OBJC_IMPLEMENTATIONS = YES;
				CLANG_WARN_DIRECT_OBJC_ISA_USAGE = YES_ERROR;
				CLANG_WARN_DOCUMENTATION_COMMENTS = YES;
				CLANG_WARN_EMPTY_BODY = YES;
				CLANG_WARN_ENUM_CONVERSION = YES;
				CLANG_WARN_INFINITE_RECURSION = YES;
				CLANG_WARN_INT_CONVERSION = YES;
				CLANG_WARN_NON_LITERAL_NULL_CONVERSION = YES;
				CLANG_WARN_OBJC_IMPLICIT_RETAIN_SELF = YES;
				CLANG_WARN_OBJC_LITERAL_CONVERSION = YES;
				CLANG_WARN_OBJC_ROOT_CLASS = YES_ERROR;
				CLANG_WARN_RANGE_LOOP_ANALYSIS = YES;
				CLANG_WARN_STRICT_PROTOTYPES = YES;
				CLANG_WARN_SUSPICIOUS_MOVE = YES;
				CLANG_WARN_UNGUARDED_AVAILABILITY = YES_AGGRESSIVE;
				CLANG_WARN_UNREACHABLE_CODE = YES;
				CLANG_WARN__DUPLICATE_METHOD_MATCH = YES;
				CODE_SIGN_IDENTITY = "iPhone Developer";
				COPY_PHASE_STRIP = NO;
				DEBUG_INFORMATION_FORMAT = "dwarf-with-dsym";
				ENABLE_NS_ASSERTIONS = NO;
				ENABLE_STRICT_OBJC_MSGSEND = YES;
				GCC_C_LANGUAGE_STANDARD = gnu11;
				GCC_NO_COMMON_BLOCKS = YES;
				GCC_WARN_64_TO_32_BIT_CONVERSION = YES;
				GCC_WARN_ABOUT_RETURN_TYPE = YES_ERROR;
				GCC_WARN_UNDECLARED_SELECTOR = YES;
				GCC_WARN_UNINITIALIZED_AUTOS = YES_AGGRESSIVE;
				GCC_WARN_UNUSED_FUNCTION = YES;
				GCC_WARN_UNUSED_VARIABLE = YES;
				IPHONEOS_DEPLOYMENT_TARGET = 12.0;
				MTL_ENABLE_DEBUG_INFO = NO;
				MTL_FAST_MATH = YES;
				SDKROOT = iphoneos;
				SWIFT_COMPILATION_MODE = wholemodule;
				SWIFT_OPTIMIZATION_LEVEL = "-O";
				VALIDATE_PRODUCT = YES;
			};
			name = Release;
		};
		02DB69B321814F8700570182 /* Debug */ = {
			isa = XCBuildConfiguration;
			baseConfigurationReference = 77E81C9EFFADEE82DCE0FA30 /* Pods-SnapKitSample.debug.xcconfig */;
			buildSettings = {
				ASSETCATALOG_COMPILER_APPICON_NAME = AppIcon;
				CODE_SIGN_STYLE = Automatic;
				DEVELOPMENT_TEAM = WXH5CKM9TX;
				INFOPLIST_FILE = SnapKitSample/Info.plist;
				IPHONEOS_DEPLOYMENT_TARGET = 9.3;
				LD_RUNPATH_SEARCH_PATHS = (
					"$(inherited)",
					"@executable_path/Frameworks",
				);
				PRODUCT_BUNDLE_IDENTIFIER = com.ssungnni.SnapKitSample;
				PRODUCT_NAME = "$(TARGET_NAME)";
				SWIFT_VERSION = 4.2;
				TARGETED_DEVICE_FAMILY = "1,2";
			};
			name = Debug;
		};
		02DB69B421814F8700570182 /* Release */ = {
			isa = XCBuildConfiguration;
			baseConfigurationReference = FA1AB183B872105D8438E10C /* Pods-SnapKitSample.release.xcconfig */;
			buildSettings = {
				ASSETCATALOG_COMPILER_APPICON_NAME = AppIcon;
				CODE_SIGN_STYLE = Automatic;
				DEVELOPMENT_TEAM = WXH5CKM9TX;
				INFOPLIST_FILE = SnapKitSample/Info.plist;
				IPHONEOS_DEPLOYMENT_TARGET = 9.3;
				LD_RUNPATH_SEARCH_PATHS = (
					"$(inherited)",
					"@executable_path/Frameworks",
				);
				PRODUCT_BUNDLE_IDENTIFIER = com.ssungnni.SnapKitSample;
				PRODUCT_NAME = "$(TARGET_NAME)";
				SWIFT_VERSION = 4.2;
				TARGETED_DEVICE_FAMILY = "1,2";
			};
			name = Release;
		};
/* End XCBuildConfiguration section */

/* Begin XCConfigurationList section */
		02DB699B21814F8500570182 /* Build configuration list for PBXProject "SnapKitSample" */ = {
			isa = XCConfigurationList;
			buildConfigurations = (
				02DB69B021814F8700570182 /* Debug */,
				02DB69B121814F8700570182 /* Release */,
			);
			defaultConfigurationIsVisible = 0;
			defaultConfigurationName = Release;
		};
		02DB69B221814F8700570182 /* Build configuration list for PBXNativeTarget "SnapKitSample" */ = {
			isa = XCConfigurationList;
			buildConfigurations = (
				02DB69B321814F8700570182 /* Debug */,
				02DB69B421814F8700570182 /* Release */,
			);
			defaultConfigurationIsVisible = 0;
			defaultConfigurationName = Release;
		};
/* End XCConfigurationList section */
	};
	rootObject = 02DB699821814F8500570182 /* Project object */;
}
