// !$*UTF8*$!
{
	archiveVersion = 1;
	classes = {
	};
	objectVersion = 50;
	objects = {

/* Begin PBXBuildFile section */
		02A3F0CB221A511500F4FB9C /* AppDelegate.swift in Sources */ = {isa = PBXBuildFile; fileRef = 02A3F0CA221A511500F4FB9C /* AppDelegate.swift */; };
		02A3F0CD221A511500F4FB9C /* ViewController.swift in Sources */ = {isa = PBXBuildFile; fileRef = 02A3F0CC221A511500F4FB9C /* ViewController.swift */; };
		02A3F0D0221A511500F4FB9C /* Main.storyboard in Resources */ = {isa = PBXBuildFile; fileRef = 02A3F0CE221A511500F4FB9C /* Main.storyboard */; };
		02A3F0D2221A511600F4FB9C /* Assets.xcassets in Resources */ = {isa = PBXBuildFile; fileRef = 02A3F0D1221A511600F4FB9C /* Assets.xcassets */; };
		02A3F0D5221A511600F4FB9C /* LaunchScreen.storyboard in Resources */ = {isa = PBXBuildFile; fileRef = 02A3F0D3221A511600F4FB9C /* LaunchScreen.storyboard */; };
		02A3F0FA221A654F00F4FB9C /* BubbleTabBar.swift in Sources */ = {isa = PBXBuildFile; fileRef = 02A3F0F7221A654F00F4FB9C /* BubbleTabBar.swift */; };
		02A3F0FB221A654F00F4FB9C /* BubbleTabBarController.swift in Sources */ = {isa = PBXBuildFile; fileRef = 02A3F0F8221A654F00F4FB9C /* BubbleTabBarController.swift */; };
		02A3F0FC221A654F00F4FB9C /* CBTabBarButton.swift in Sources */ = {isa = PBXBuildFile; fileRef = 02A3F0F9221A654F00F4FB9C /* CBTabBarButton.swift */; };
/* End PBXBuildFile section */

/* Begin PBXFileReference section */
		02A3F0C7221A511500F4FB9C /* BubbleTabTest.app */ = {isa = PBXFileReference; explicitFileType = wrapper.application; includeInIndex = 0; path = BubbleTabTest.app; sourceTree = BUILT_PRODUCTS_DIR; };
		02A3F0CA221A511500F4FB9C /* AppDelegate.swift */ = {isa = PBXFileReference; lastKnownFileType = sourcecode.swift; path = AppDelegate.swift; sourceTree = "<group>"; };
		02A3F0CC221A511500F4FB9C /* ViewController.swift */ = {isa = PBXFileReference; lastKnownFileType = sourcecode.swift; path = ViewController.swift; sourceTree = "<group>"; };
		02A3F0CF221A511500F4FB9C /* Base */ = {isa = PBXFileReference; lastKnownFileType = file.storyboard; name = Base; path = Base.lproj/Main.storyboard; sourceTree = "<group>"; };
		02A3F0D1221A511600F4FB9C /* Assets.xcassets */ = {isa = PBXFileReference; lastKnownFileType = folder.assetcatalog; path = Assets.xcassets; sourceTree = "<group>"; };
		02A3F0D4221A511600F4FB9C /* Base */ = {isa = PBXFileReference; lastKnownFileType = file.storyboard; name = Base; path = Base.lproj/LaunchScreen.storyboard; sourceTree = "<group>"; };
		02A3F0D6221A511600F4FB9C /* Info.plist */ = {isa = PBXFileReference; lastKnownFileType = text.plist.xml; path = Info.plist; sourceTree = "<group>"; };
		02A3F0E4221A521D00F4FB9C /* BubbleTabBar.framework */ = {isa = PBXFileReference; lastKnownFileType = wrapper.framework; name = BubbleTabBar.framework; path = Carthage/Build/iOS/BubbleTabBar.framework; sourceTree = "<group>"; };
		02A3F0F7221A654F00F4FB9C /* BubbleTabBar.swift */ = {isa = PBXFileReference; fileEncoding = 4; lastKnownFileType = sourcecode.swift; path = BubbleTabBar.swift; sourceTree = "<group>"; };
		02A3F0F8221A654F00F4FB9C /* BubbleTabBarController.swift */ = {isa = PBXFileReference; fileEncoding = 4; lastKnownFileType = sourcecode.swift; path = BubbleTabBarController.swift; sourceTree = "<group>"; };
		02A3F0F9221A654F00F4FB9C /* CBTabBarButton.swift */ = {isa = PBXFileReference; fileEncoding = 4; lastKnownFileType = sourcecode.swift; path = CBTabBarButton.swift; sourceTree = "<group>"; };
/* End PBXFileReference section */

/* Begin PBXFrameworksBuildPhase section */
		02A3F0C4221A511500F4FB9C /* Frameworks */ = {
			isa = PBXFrameworksBuildPhase;
			buildActionMask = 2147483647;
			files = (
			);
			runOnlyForDeploymentPostprocessing = 0;
		};
/* End PBXFrameworksBuildPhase section */

/* Begin PBXGroup section */
		02A3F0BE221A511500F4FB9C = {
			isa = PBXGroup;
			children = (
				02A3F0C9221A511500F4FB9C /* BubbleTabTest */,
				02A3F0C8221A511500F4FB9C /* Products */,
				02A3F0E3221A521D00F4FB9C /* Frameworks */,
			);
			sourceTree = "<group>";
		};
		02A3F0C8221A511500F4FB9C /* Products */ = {
			isa = PBXGroup;
			children = (
				02A3F0C7221A511500F4FB9C /* BubbleTabTest.app */,
			);
			name = Products;
			sourceTree = "<group>";
		};
		02A3F0C9221A511500F4FB9C /* BubbleTabTest */ = {
			isa = PBXGroup;
			children = (
				02A3F0F6221A556300F4FB9C /* Classes */,
				02A3F0CA221A511500F4FB9C /* AppDelegate.swift */,
				02A3F0CC221A511500F4FB9C /* ViewController.swift */,
				02A3F0CE221A511500F4FB9C /* Main.storyboard */,
				02A3F0D1221A511600F4FB9C /* Assets.xcassets */,
				02A3F0D3221A511600F4FB9C /* LaunchScreen.storyboard */,
				02A3F0D6221A511600F4FB9C /* Info.plist */,
			);
			path = BubbleTabTest;
			sourceTree = "<group>";
		};
		02A3F0E3221A521D00F4FB9C /* Frameworks */ = {
			isa = PBXGroup;
			children = (
				02A3F0E4221A521D00F4FB9C /* BubbleTabBar.framework */,
			);
			name = Frameworks;
			sourceTree = "<group>";
		};
		02A3F0F6221A556300F4FB9C /* Classes */ = {
			isa = PBXGroup;
			children = (
				02A3F0F7221A654F00F4FB9C /* BubbleTabBar.swift */,
				02A3F0F8221A654F00F4FB9C /* BubbleTabBarController.swift */,
				02A3F0F9221A654F00F4FB9C /* CBTabBarButton.swift */,
			);
			path = Classes;
			sourceTree = "<group>";
		};
/* End PBXGroup section */

/* Begin PBXNativeTarget section */
		02A3F0C6221A511500F4FB9C /* BubbleTabTest */ = {
			isa = PBXNativeTarget;
			buildConfigurationList = 02A3F0D9221A511600F4FB9C /* Build configuration list for PBXNativeTarget "BubbleTabTest" */;
			buildPhases = (
				02A3F0C3221A511500F4FB9C /* Sources */,
				02A3F0C4221A511500F4FB9C /* Frameworks */,
				02A3F0C5221A511500F4FB9C /* Resources */,
			);
			buildRules = (
			);
			dependencies = (
			);
			name = BubbleTabTest;
			productName = BubbleTabTest;
			productReference = 02A3F0C7221A511500F4FB9C /* BubbleTabTest.app */;
			productType = "com.apple.product-type.application";
		};
/* End PBXNativeTarget section */

/* Begin PBXProject section */
		02A3F0BF221A511500F4FB9C /* Project object */ = {
			isa = PBXProject;
			attributes = {
				LastSwiftUpdateCheck = 1010;
				LastUpgradeCheck = 1010;
				ORGANIZATIONNAME = ssungnni;
				TargetAttributes = {
					02A3F0C6221A511500F4FB9C = {
						CreatedOnToolsVersion = 10.1;
					};
				};
			};
			buildConfigurationList = 02A3F0C2221A511500F4FB9C /* Build configuration list for PBXProject "BubbleTabTest" */;
			compatibilityVersion = "Xcode 9.3";
			developmentRegion = en;
			hasScannedForEncodings = 0;
			knownRegions = (
				en,
				Base,
			);
			mainGroup = 02A3F0BE221A511500F4FB9C;
			productRefGroup = 02A3F0C8221A511500F4FB9C /* Products */;
			projectDirPath = "";
			projectRoot = "";
			targets = (
				02A3F0C6221A511500F4FB9C /* BubbleTabTest */,
			);
		};
/* End PBXProject section */

/* Begin PBXResourcesBuildPhase section */
		02A3F0C5221A511500F4FB9C /* Resources */ = {
			isa = PBXResourcesBuildPhase;
			buildActionMask = 2147483647;
			files = (
				02A3F0D5221A511600F4FB9C /* LaunchScreen.storyboard in Resources */,
				02A3F0D2221A511600F4FB9C /* Assets.xcassets in Resources */,
				02A3F0D0221A511500F4FB9C /* Main.storyboard in Resources */,
			);
			runOnlyForDeploymentPostprocessing = 0;
		};
/* End PBXResourcesBuildPhase section */

/* Begin PBXSourcesBuildPhase section */
		02A3F0C3221A511500F4FB9C /* Sources */ = {
			isa = PBXSourcesBuildPhase;
			buildActionMask = 2147483647;
			files = (
				02A3F0CD221A511500F4FB9C /* ViewController.swift in Sources */,
				02A3F0CB221A511500F4FB9C /* AppDelegate.swift in Sources */,
				02A3F0FA221A654F00F4FB9C /* BubbleTabBar.swift in Sources */,
				02A3F0FB221A654F00F4FB9C /* BubbleTabBarController.swift in Sources */,
				02A3F0FC221A654F00F4FB9C /* CBTabBarButton.swift in Sources */,
			);
			runOnlyForDeploymentPostprocessing = 0;
		};
/* End PBXSourcesBuildPhase section */

/* Begin PBXVariantGroup section */
		02A3F0CE221A511500F4FB9C /* Main.storyboard */ = {
			isa = PBXVariantGroup;
			children = (
				02A3F0CF221A511500F4FB9C /* Base */,
			);
			name = Main.storyboard;
			sourceTree = "<group>";
		};
		02A3F0D3221A511600F4FB9C /* LaunchScreen.storyboard */ = {
			isa = PBXVariantGroup;
			children = (
				02A3F0D4221A511600F4FB9C /* Base */,
			);
			name = LaunchScreen.storyboard;
			sourceTree = "<group>";
		};
/* End PBXVariantGroup section */

/* Begin XCBuildConfiguration section */
		02A3F0D7221A511600F4FB9C /* Debug */ = {
			isa = XCBuildConfiguration;
			buildSettings = {
				ALWAYS_SEARCH_USER_PATHS = NO;
				CLANG_ANALYZER_NONNULL = YES;
				CLANG_ANALYZER_NUMBER_OBJECT_CONVERSION = YES_AGGRESSIVE;
				CLANG_CXX_LANGUAGE_STANDARD = "gnu++14";
				CLANG_CXX_LIBRARY = "libc++";
				CLANG_ENABLE_MODULES = YES;
				CLANG_ENABLE_OBJC_ARC = YES;
				CLANG_ENABLE_OBJC_WEAK = YES;
				CLANG_WARN_BLOCK_CAPTURE_AUTORELEASING = YES;
				CLANG_WARN_BOOL_CONVERSION = YES;
				CLANG_WARN_COMMA = YES;
				CLANG_WARN_CONSTANT_CONVERSION = YES;
				CLANG_WARN_DEPRECATED_OBJC_IMPLEMENTATIONS = YES;
				CLANG_WARN_DIRECT_OBJC_ISA_USAGE = YES_ERROR;
				CLANG_WARN_DOCUMENTATION_COMMENTS = YES;
				CLANG_WARN_EMPTY_BODY = YES;
				CLANG_WARN_ENUM_CONVERSION = YES;
				CLANG_WARN_INFINITE_RECURSION = YES;
				CLANG_WARN_INT_CONVERSION = YES;
				CLANG_WARN_NON_LITERAL_NULL_CONVERSION = YES;
				CLANG_WARN_OBJC_IMPLICIT_RETAIN_SELF = YES;
				CLANG_WARN_OBJC_LITERAL_CONVERSION = YES;
				CLANG_WARN_OBJC_ROOT_CLASS = YES_ERROR;
				CLANG_WARN_RANGE_LOOP_ANALYSIS = YES;
				CLANG_WARN_STRICT_PROTOTYPES = YES;
				CLANG_WARN_SUSPICIOUS_MOVE = YES;
				CLANG_WARN_UNGUARDED_AVAILABILITY = YES_AGGRESSIVE;
				CLANG_WARN_UNREACHABLE_CODE = YES;
				CLANG_WARN__DUPLICATE_METHOD_MATCH = YES;
				CODE_SIGN_IDENTITY = "iPhone Developer";
				COPY_PHASE_STRIP = NO;
				DEBUG_INFORMATION_FORMAT = dwarf;
				ENABLE_STRICT_OBJC_MSGSEND = YES;
				ENABLE_TESTABILITY = YES;
				GCC_C_LANGUAGE_STANDARD = gnu11;
				GCC_DYNAMIC_NO_PIC = NO;
				GCC_NO_COMMON_BLOCKS = YES;
				GCC_OPTIMIZATION_LEVEL = 0;
				GCC_PREPROCESSOR_DEFINITIONS = (
					"DEBUG=1",
					"$(inherited)",
				);
				GCC_WARN_64_TO_32_BIT_CONVERSION = YES;
				GCC_WARN_ABOUT_RETURN_TYPE = YES_ERROR;
				GCC_WARN_UNDECLARED_SELECTOR = YES;
				GCC_WARN_UNINITIALIZED_AUTOS = YES_AGGRESSIVE;
				GCC_WARN_UNUSED_FUNCTION = YES;
				GCC_WARN_UNUSED_VARIABLE = YES;
				IPHONEOS_DEPLOYMENT_TARGET = 12.1;
				MTL_ENABLE_DEBUG_INFO = INCLUDE_SOURCE;
				MTL_FAST_MATH = YES;
				ONLY_ACTIVE_ARCH = YES;
				SDKROOT = iphoneos;
				SWIFT_ACTIVE_COMPILATION_CONDITIONS = DEBUG;
				SWIFT_OPTIMIZATION_LEVEL = "-Onone";
			};
			name = Debug;
		};
		02A3F0D8221A511600F4FB9C /* Release */ = {
			isa = XCBuildConfiguration;
			buildSettings = {
				ALWAYS_SEARCH_USER_PATHS = NO;
				CLANG_ANALYZER_NONNULL = YES;
				CLANG_ANALYZER_NUMBER_OBJECT_CONVERSION = YES_AGGRESSIVE;
				CLANG_CXX_LANGUAGE_STANDARD = "gnu++14";
				CLANG_CXX_LIBRARY = "libc++";
				CLANG_ENABLE_MODULES = YES;
				CLANG_ENABLE_OBJC_ARC = YES;
				CLANG_ENABLE_OBJC_WEAK = YES;
				CLANG_WARN_BLOCK_CAPTURE_AUTORELEASING = YES;
				CLANG_WARN_BOOL_CONVERSION = YES;
				CLANG_WARN_COMMA = YES;
				CLANG_WARN_CONSTANT_CONVERSION = YES;
				CLANG_WARN_DEPRECATED_OBJC_IMPLEMENTATIONS = YES;
				CLANG_WARN_DIRECT_OBJC_ISA_USAGE = YES_ERROR;
				CLANG_WARN_DOCUMENTATION_COMMENTS = YES;
				CLANG_WARN_EMPTY_BODY = YES;
				CLANG_WARN_ENUM_CONVERSION = YES;
				CLANG_WARN_INFINITE_RECURSION = YES;
				CLANG_WARN_INT_CONVERSION = YES;
				CLANG_WARN_NON_LITERAL_NULL_CONVERSION = YES;
				CLANG_WARN_OBJC_IMPLICIT_RETAIN_SELF = YES;
				CLANG_WARN_OBJC_LITERAL_CONVERSION = YES;
				CLANG_WARN_OBJC_ROOT_CLASS = YES_ERROR;
				CLANG_WARN_RANGE_LOOP_ANALYSIS = YES;
				CLANG_WARN_STRICT_PROTOTYPES = YES;
				CLANG_WARN_SUSPICIOUS_MOVE = YES;
				CLANG_WARN_UNGUARDED_AVAILABILITY = YES_AGGRESSIVE;
				CLANG_WARN_UNREACHABLE_CODE = YES;
				CLANG_WARN__DUPLICATE_METHOD_MATCH = YES;
				CODE_SIGN_IDENTITY = "iPhone Developer";
				COPY_PHASE_STRIP = NO;
				DEBUG_INFORMATION_FORMAT = "dwarf-with-dsym";
				ENABLE_NS_ASSERTIONS = NO;
				ENABLE_STRICT_OBJC_MSGSEND = YES;
				GCC_C_LANGUAGE_STANDARD = gnu11;
				GCC_NO_COMMON_BLOCKS = YES;
				GCC_WARN_64_TO_32_BIT_CONVERSION = YES;
				GCC_WARN_ABOUT_RETURN_TYPE = YES_ERROR;
				GCC_WARN_UNDECLARED_SELECTOR = YES;
				GCC_WARN_UNINITIALIZED_AUTOS = YES_AGGRESSIVE;
				GCC_WARN_UNUSED_FUNCTION = YES;
				GCC_WARN_UNUSED_VARIABLE = YES;
				IPHONEOS_DEPLOYMENT_TARGET = 12.1;
				MTL_ENABLE_DEBUG_INFO = NO;
				MTL_FAST_MATH = YES;
				SDKROOT = iphoneos;
				SWIFT_COMPILATION_MODE = wholemodule;
				SWIFT_OPTIMIZATION_LEVEL = "-O";
				VALIDATE_PRODUCT = YES;
			};
			name = Release;
		};
		02A3F0DA221A511600F4FB9C /* Debug */ = {
			isa = XCBuildConfiguration;
			buildSettings = {
				ASSETCATALOG_COMPILER_APPICON_NAME = AppIcon;
				CODE_SIGN_STYLE = Manual;
				DEVELOPMENT_TEAM = "";
				FRAMEWORK_SEARCH_PATHS = (
					"$(inherited)",
					"$(PROJECT_DIR)/Carthage/Build/iOS",
				);
				INFOPLIST_FILE = BubbleTabTest/Info.plist;
				LD_RUNPATH_SEARCH_PATHS = (
					"$(inherited)",
					"@executable_path/Frameworks",
				);
				PRODUCT_BUNDLE_IDENTIFIER = com.ssungnni.BubbleTabTest;
				PRODUCT_NAME = "$(TARGET_NAME)";
				PROVISIONING_PROFILE_SPECIFIER = "";
				SWIFT_VERSION = 4.2;
				TARGETED_DEVICE_FAMILY = "1,2";
			};
			name = Debug;
		};
		02A3F0DB221A511600F4FB9C /* Release */ = {
			isa = XCBuildConfiguration;
			buildSettings = {
				ASSETCATALOG_COMPILER_APPICON_NAME = AppIcon;
				CODE_SIGN_STYLE = Manual;
				DEVELOPMENT_TEAM = "";
				FRAMEWORK_SEARCH_PATHS = (
					"$(inherited)",
					"$(PROJECT_DIR)/Carthage/Build/iOS",
				);
				INFOPLIST_FILE = BubbleTabTest/Info.plist;
				LD_RUNPATH_SEARCH_PATHS = (
					"$(inherited)",
					"@executable_path/Frameworks",
				);
				PRODUCT_BUNDLE_IDENTIFIER = com.ssungnni.BubbleTabTest;
				PRODUCT_NAME = "$(TARGET_NAME)";
				PROVISIONING_PROFILE_SPECIFIER = "";
				SWIFT_VERSION = 4.2;
				TARGETED_DEVICE_FAMILY = "1,2";
			};
			name = Release;
		};
/* End XCBuildConfiguration section */

/* Begin XCConfigurationList section */
		02A3F0C2221A511500F4FB9C /* Build configuration list for PBXProject "BubbleTabTest" */ = {
			isa = XCConfigurationList;
			buildConfigurations = (
				02A3F0D7221A511600F4FB9C /* Debug */,
				02A3F0D8221A511600F4FB9C /* Release */,
			);
			defaultConfigurationIsVisible = 0;
			defaultConfigurationName = Release;
		};
		02A3F0D9221A511600F4FB9C /* Build configuration list for PBXNativeTarget "BubbleTabTest" */ = {
			isa = XCConfigurationList;
			buildConfigurations = (
				02A3F0DA221A511600F4FB9C /* Debug */,
				02A3F0DB221A511600F4FB9C /* Release */,
			);
			defaultConfigurationIsVisible = 0;
			defaultConfigurationName = Release;
		};
/* End XCConfigurationList section */
	};
	rootObject = 02A3F0BF221A511500F4FB9C /* Project object */;
}
